// !$*UTF8*$!
{
	archiveVersion = 1;
	classes = {
	};
	objectVersion = 46;
	objects = {

		506EFB930EF9A46368358304 = {isa = PBXBuildFile; fileRef = E7CD420035770CB41D07B613; };
		A40CF5CA589D5FDF822E7A5D = {isa = PBXBuildFile; fileRef = DACD86E96255F49261BE189D; };
		9C3A038EA386B84E91F4B5F6 = {isa = PBXBuildFile; fileRef = 468F61FD67D7B45D1FFD4D65; };
		7A8AD46213F6B292C3DD5829 = {isa = PBXBuildFile; fileRef = 84E2F9F2F40D865E9AF17BEB; };
		19EF215000DB811A61A6171B = {isa = PBXFileReference; lastKnownFileType = sourcecode.c.h; name = AppConfig.h; path = ../../JuceLibraryCode/AppConfig.h; sourceTree = "SOURCE_ROOT"; };
		210F674F8F5BD1F5EC5B8709 = {isa = PBXFileReference; explicitFileType = "compiled.mach-o.executable"; includeInIndex = 0; path = server; sourceTree = "BUILT_PRODUCTS_DIR"; };
		468F61FD67D7B45D1FFD4D65 = {isa = PBXFileReference; lastKnownFileType = sourcecode.c.c; name = "tcp_server.c"; path = "../../../common/tcp_server.c"; sourceTree = "SOURCE_ROOT"; };
		84E2F9F2F40D865E9AF17BEB = {isa = PBXFileReference; lastKnownFileType = sourcecode.cpp.cpp; name = Main.cpp; path = ../../Source/Main.cpp; sourceTree = "SOURCE_ROOT"; };
		A01DEABC9FD4CCA4565C2659 = {isa = PBXFileReference; lastKnownFileType = sourcecode.c.h; name = "field_manager.h"; path = "../../../common/field_manager.h"; sourceTree = "SOURCE_ROOT"; };
		A76557A6808636273F48EB9C = {isa = PBXFileReference; lastKnownFileType = sourcecode.c.h; name = "apple_pthread_barrier.h"; path = "../../../common/apple_pthread_barrier.h"; sourceTree = "SOURCE_ROOT"; };
		B14C4A6629EDAF92285F575B = {isa = PBXFileReference; lastKnownFileType = sourcecode.c.h; name = JuceHeader.h; path = ../../JuceLibraryCode/JuceHeader.h; sourceTree = "SOURCE_ROOT"; };
		C553DDCF30E44F8359366672 = {isa = PBXFileReference; lastKnownFileType = sourcecode.c.h; name = common.h; path = ../../../common/common.h; sourceTree = "SOURCE_ROOT"; };
		DACD86E96255F49261BE189D = {isa = PBXFileReference; lastKnownFileType = sourcecode.c.c; name = "field_manager.c"; path = "../../../common/field_manager.c"; sourceTree = "SOURCE_ROOT"; };
		E7CD420035770CB41D07B613 = {isa = PBXFileReference; lastKnownFileType = file.nib; name = RecentFilesMenuTemplate.nib; path = RecentFilesMenuTemplate.nib; sourceTree = "SOURCE_ROOT"; };
		EF8E5684088F20D6D6C4EDA7 = {isa = PBXFileReference; lastKnownFileType = sourcecode.c.h; name = "tcp_server.h"; path = "../../../common/tcp_server.h"; sourceTree = "SOURCE_ROOT"; };
		591649A7D22DC2CDB67C8702 = {isa = PBXGroup; children = (
					A76557A6808636273F48EB9C,
					C553DDCF30E44F8359366672,
					DACD86E96255F49261BE189D,
					A01DEABC9FD4CCA4565C2659,
					468F61FD67D7B45D1FFD4D65,
					EF8E5684088F20D6D6C4EDA7,
					84E2F9F2F40D865E9AF17BEB, ); name = Source; sourceTree = "<group>"; };
		44C371BB07D63268D70E916A = {isa = PBXGroup; children = (
					591649A7D22DC2CDB67C8702, ); name = server; sourceTree = "<group>"; };
		F686A40CCACF06A6878C705E = {isa = PBXGroup; children = (
					19EF215000DB811A61A6171B,
					B14C4A6629EDAF92285F575B, ); name = "Juce Library Code"; sourceTree = "<group>"; };
		8EFC984CB0D7A84A97AA8BBC = {isa = PBXGroup; children = (
					E7CD420035770CB41D07B613, ); name = Resources; sourceTree = "<group>"; };
		2AD26156E078D15DD21934EE = {isa = PBXGroup; children = (  ); name = Frameworks; sourceTree = "<group>"; };
		210235B44E146419D489CD97 = {isa = PBXGroup; children = (
					210F674F8F5BD1F5EC5B8709, ); name = Products; sourceTree = "<group>"; };
		6A7CC1CF527CBBAC5EB3FDFA = {isa = PBXGroup; children = (
					44C371BB07D63268D70E916A,
					F686A40CCACF06A6878C705E,
					8EFC984CB0D7A84A97AA8BBC,
					2AD26156E078D15DD21934EE,
					210235B44E146419D489CD97, ); name = Source; sourceTree = "<group>"; };
		3A765E7479C6BC55E37421B4 = {isa = XCBuildConfiguration; buildSettings = {
				CLANG_CXX_LANGUAGE_STANDARD = "c++0x";
				CLANG_LINK_OBJC_RUNTIME = NO;
				COMBINE_HIDPI_IMAGES = YES;
				CONFIGURATION_BUILD_DIR = "$(PROJECT_DIR)/build/$(CONFIGURATION)";
				COPY_PHASE_STRIP = NO;
				GCC_DYNAMIC_NO_PIC = NO;
				GCC_OPTIMIZATION_LEVEL = 0;
				GCC_PREPROCESSOR_DEFINITIONS = (
					"_DEBUG=1",
					"DEBUG=1",
					"JUCER_XCODE_MAC_F6D2F4CF=1",
					"JUCE_APP_VERSION=1.0.0",
					"JUCE_APP_VERSION_HEX=0x10000", );
				GCC_VERSION = com.apple.compilers.llvm.clang.1_0;
				HEADER_SEARCH_PATHS = ("../../JuceLibraryCode", "$(inherited)");
				INFOPLIST_FILE = Info.plist;
				INSTALL_PATH = "/usr/bin";
				MACOSX_DEPLOYMENT_TARGET_ppc = 10.4;
				SDKROOT_ppc = macosx10.5; }; name = Debug; };
		E88C5E1FD1EB6152B79FD82D = {isa = XCBuildConfiguration; buildSettings = {
				CLANG_CXX_LANGUAGE_STANDARD = "c++0x";
				CLANG_LINK_OBJC_RUNTIME = NO;
				COMBINE_HIDPI_IMAGES = YES;
				CONFIGURATION_BUILD_DIR = "$(PROJECT_DIR)/build/$(CONFIGURATION)";
				DEAD_CODE_STRIPPING = YES;
				GCC_GENERATE_DEBUGGING_SYMBOLS = NO;
				GCC_OPTIMIZATION_LEVEL = 3;
				GCC_PREPROCESSOR_DEFINITIONS = (
					"_NDEBUG=1",
					"NDEBUG=1",
					"JUCER_XCODE_MAC_F6D2F4CF=1",
					"JUCE_APP_VERSION=1.0.0",
					"JUCE_APP_VERSION_HEX=0x10000", );
				GCC_SYMBOLS_PRIVATE_EXTERN = YES;
				GCC_VERSION = com.apple.compilers.llvm.clang.1_0;
				HEADER_SEARCH_PATHS = ("../../JuceLibraryCode", "$(inherited)");
				INFOPLIST_FILE = Info.plist;
				INSTALL_PATH = "/usr/bin";
				MACOSX_DEPLOYMENT_TARGET_ppc = 10.4;
				SDKROOT_ppc = macosx10.5; }; name = Release; };
		849418C9EF386A83A575DC34 = {isa = XCBuildConfiguration; buildSettings = {
				ALWAYS_SEARCH_USER_PATHS = NO;
				DEBUG_INFORMATION_FORMAT = "dwarf";
				GCC_C_LANGUAGE_STANDARD = c99;
				GCC_INLINES_ARE_PRIVATE_EXTERN = YES;
				GCC_MODEL_TUNING = G5;
				GCC_WARN_ABOUT_RETURN_TYPE = YES;
				GCC_WARN_CHECK_SWITCH_STATEMENTS = YES;
				GCC_WARN_MISSING_PARENTHESES = YES;
				GCC_WARN_NON_VIRTUAL_DESTRUCTOR = YES;
				GCC_WARN_TYPECHECK_CALLS_TO_PRINTF = YES;
				GCC_WARN_UNUSED_VARIABLE = YES;
				ONLY_ACTIVE_ARCH = YES;
				PRODUCT_NAME = "server";
				WARNING_CFLAGS = -Wreorder;
				ZERO_LINK = NO; }; name = Debug; };
		490F2C3535416464A2568A7B = {isa = XCBuildConfiguration; buildSettings = {
				ALWAYS_SEARCH_USER_PATHS = NO;
				DEBUG_INFORMATION_FORMAT = "dwarf";
				GCC_C_LANGUAGE_STANDARD = c99;
				GCC_INLINES_ARE_PRIVATE_EXTERN = YES;
				GCC_MODEL_TUNING = G5;
				GCC_WARN_ABOUT_RETURN_TYPE = YES;
				GCC_WARN_CHECK_SWITCH_STATEMENTS = YES;
				GCC_WARN_MISSING_PARENTHESES = YES;
				GCC_WARN_NON_VIRTUAL_DESTRUCTOR = YES;
				GCC_WARN_TYPECHECK_CALLS_TO_PRINTF = YES;
				GCC_WARN_UNUSED_VARIABLE = YES;
				PRODUCT_NAME = "server";
				WARNING_CFLAGS = -Wreorder;
				ZERO_LINK = NO; }; name = Release; };
		5D8D1A96C6C31CE2191B4D60 = {isa = XCConfigurationList; buildConfigurations = (
					849418C9EF386A83A575DC34,
					490F2C3535416464A2568A7B, ); defaultConfigurationIsVisible = 0; defaultConfigurationName = Debug; };
		68A96292968C617005B96627 = {isa = XCConfigurationList; buildConfigurations = (
					3A765E7479C6BC55E37421B4,
					E88C5E1FD1EB6152B79FD82D, ); defaultConfigurationIsVisible = 0; defaultConfigurationName = Debug; };
		521CEA0A902309934320D169 = {isa = PBXResourcesBuildPhase; buildActionMask = 2147483647; files = (
					506EFB930EF9A46368358304, ); runOnlyForDeploymentPostprocessing = 0; };
		6DC45E2EE2D49C497D183A39 = {isa = PBXSourcesBuildPhase; buildActionMask = 2147483647; files = (
					A40CF5CA589D5FDF822E7A5D,
					9C3A038EA386B84E91F4B5F6,
					7A8AD46213F6B292C3DD5829, ); runOnlyForDeploymentPostprocessing = 0; };
		6519F757FFF4D67D34A25FB0 = {isa = PBXFrameworksBuildPhase; buildActionMask = 2147483647; files = (  ); runOnlyForDeploymentPostprocessing = 0; };
		ACBFC0294D927ED8BF06C61E = {isa = PBXNativeTarget; buildConfigurationList = 68A96292968C617005B96627; buildPhases = (
					521CEA0A902309934320D169,
					6DC45E2EE2D49C497D183A39,
					6519F757FFF4D67D34A25FB0, ); buildRules = ( ); dependencies = ( ); name = server; productName = server; productReference = 210F674F8F5BD1F5EC5B8709; productInstallPath = /usr/bin; productType = "com.apple.product-type.tool"; };
		CA6C872CD266EB6F2B69E02A = {isa = PBXProject; buildConfigurationList = 5D8D1A96C6C31CE2191B4D60; attributes = { LastUpgradeCheck = 0440; }; compatibilityVersion = "Xcode 3.2"; hasScannedForEncodings = 0; mainGroup = 6A7CC1CF527CBBAC5EB3FDFA; projectDirPath = ""; projectRoot = ""; targets = ( ACBFC0294D927ED8BF06C61E ); };
	};
	rootObject = CA6C872CD266EB6F2B69E02A;
}
