// !$*UTF8*$!
{
	archiveVersion = 1;
	classes = {
	};
	objectVersion = 46;
	objects = {

		25F3BB736F69391DF9558136 = {isa = PBXBuildFile; fileRef = 100E0A3A304A263268205C8A; };
		E285FB2E6ADD06493FE945CD = {isa = PBXBuildFile; fileRef = FF6A1AE893C5BE094FC44F06; };
		BE86304A6FB1504A8B1FDCB3 = {isa = PBXBuildFile; fileRef = CCC3F9E464ACC3A3E85A91BE; };
		C29FF8B7044ED179C7F6CFAC = {isa = PBXBuildFile; fileRef = 4BA3E55D119DF61EBAF6966A; };
		6AAF10220775A839273753AC = {isa = PBXBuildFile; fileRef = E166D6A4AA54842D720853EA; };
		7593FFE200A8CB62DE7E10BF = {isa = PBXBuildFile; fileRef = 2B66C1ABFC494CBA6C6FA520; };
		86F50654CA6295BD7E54D4E9 = {isa = PBXBuildFile; fileRef = 05C39FD85353E65F6DEEBFB8; };
		6D42ADE2AEA53B7C451B958A = {isa = PBXBuildFile; fileRef = D6A39600348A6EB2CDD2084C; };
		0003572B87BF64206B5D6A29 = {isa = PBXFileReference; lastKnownFileType = sourcecode.c.h; name = "juce_ChangeBroadcaster.h"; path = "../../../../JUCE/modules/juce_events/broadcasters/juce_ChangeBroadcaster.h"; sourceTree = "SOURCE_ROOT"; };
		00CDDE14D2BD01130D6ECC9D = {isa = PBXFileReference; lastKnownFileType = sourcecode.c.h; name = "juce_BigInteger.h"; path = "../../../../JUCE/modules/juce_core/maths/juce_BigInteger.h"; sourceTree = "SOURCE_ROOT"; };
		0138CE4A977C7B06D9D69415 = {isa = PBXFileReference; lastKnownFileType = sourcecode.cpp.cpp; name = "juce_GZIPDecompressorInputStream.cpp"; path = "../../../../JUCE/modules/juce_core/zip/juce_GZIPDecompressorInputStream.cpp"; sourceTree = "SOURCE_ROOT"; };
		019662B8BDD9CE5674E03B5B = {isa = PBXFileReference; lastKnownFileType = sourcecode.c.h; name = "juce_ThreadPool.h"; path = "../../../../JUCE/modules/juce_core/threads/juce_ThreadPool.h"; sourceTree = "SOURCE_ROOT"; };
		02AA83D53C98B4A6CABF1C38 = {isa = PBXFileReference; lastKnownFileType = sourcecode.c.h; name = "juce_ScopedValueSetter.h"; path = "../../../../JUCE/modules/juce_core/containers/juce_ScopedValueSetter.h"; sourceTree = "SOURCE_ROOT"; };
		0311FD15CF8489E71EBBEA6E = {isa = PBXFileReference; lastKnownFileType = sourcecode.c.h; name = "juce_win32_HiddenMessageWindow.h"; path = "../../../../JUCE/modules/juce_events/native/juce_win32_HiddenMessageWindow.h"; sourceTree = "SOURCE_ROOT"; };
		038CB798E16CAAD33FA8F530 = {isa = PBXFileReference; lastKnownFileType = sourcecode.cpp.cpp; name = "juce_UnitTest.cpp"; path = "../../../../JUCE/modules/juce_core/unit_tests/juce_UnitTest.cpp"; sourceTree = "SOURCE_ROOT"; };
		050D24994B662EA7D36DBC97 = {isa = PBXFileReference; lastKnownFileType = sourcecode.c.h; name = "juce_HighResolutionTimer.h"; path = "../../../../JUCE/modules/juce_core/threads/juce_HighResolutionTimer.h"; sourceTree = "SOURCE_ROOT"; };
		05C39FD85353E65F6DEEBFB8 = {isa = PBXFileReference; lastKnownFileType = sourcecode.cpp.objcpp; name = "juce_data_structures.mm"; path = "../../../../JUCE/modules/juce_data_structures/juce_data_structures.mm"; sourceTree = "SOURCE_ROOT"; };
		062D9603082F6E44975D858F = {isa = PBXFileReference; lastKnownFileType = sourcecode.c.h; name = "juce_Singleton.h"; path = "../../../../JUCE/modules/juce_core/memory/juce_Singleton.h"; sourceTree = "SOURCE_ROOT"; };
		06B4F52ADCAA579F1AE88A9C = {isa = PBXFileReference; lastKnownFileType = sourcecode.c.h; name = "juce_String.h"; path = "../../../../JUCE/modules/juce_core/text/juce_String.h"; sourceTree = "SOURCE_ROOT"; };
		077F15A5E8C754F96D058825 = {isa = PBXFileReference; lastKnownFileType = sourcecode.c.h; name = "juce_ListenerList.h"; path = "../../../../JUCE/modules/juce_events/broadcasters/juce_ListenerList.h"; sourceTree = "SOURCE_ROOT"; };
		08DC5D37875E5ACEAF6A7504 = {isa = PBXFileReference; lastKnownFileType = sourcecode.c.h; name = "juce_PlatformDefs.h"; path = "../../../../JUCE/modules/juce_core/system/juce_PlatformDefs.h"; sourceTree = "SOURCE_ROOT"; };
		09AF906D4F1A707265D40694 = {isa = PBXFileReference; lastKnownFileType = sourcecode.c.h; name = "juce_OwnedArray.h"; path = "../../../../JUCE/modules/juce_core/containers/juce_OwnedArray.h"; sourceTree = "SOURCE_ROOT"; };
		0A29185873EC0B296C9DB831 = {isa = PBXFileReference; lastKnownFileType = sourcecode.cpp.cpp; name = "juce_BufferedInputStream.cpp"; path = "../../../../JUCE/modules/juce_core/streams/juce_BufferedInputStream.cpp"; sourceTree = "SOURCE_ROOT"; };
		0AB380FE75CE347417E40837 = {isa = PBXFileReference; lastKnownFileType = sourcecode.c.h; name = "juce_CompilerSupport.h"; path = "../../../../JUCE/modules/juce_core/system/juce_CompilerSupport.h"; sourceTree = "SOURCE_ROOT"; };
		0AB586D0BD37DF5B0BFD8A4D = {isa = PBXFileReference; lastKnownFileType = sourcecode.cpp.cpp; name = "juce_ConnectedChildProcess.cpp"; path = "../../../../JUCE/modules/juce_events/interprocess/juce_ConnectedChildProcess.cpp"; sourceTree = "SOURCE_ROOT"; };
		0AD090917463F8150294D8EC = {isa = PBXFileReference; lastKnownFileType = sourcecode.cpp.cpp; name = "juce_Variant.cpp"; path = "../../../../JUCE/modules/juce_core/containers/juce_Variant.cpp"; sourceTree = "SOURCE_ROOT"; };
		0AF43CF5F5A2206035171528 = {isa = PBXFileReference; lastKnownFileType = sourcecode.cpp.cpp; name = "juce_FileLogger.cpp"; path = "../../../../JUCE/modules/juce_core/logging/juce_FileLogger.cpp"; sourceTree = "SOURCE_ROOT"; };
		0B695BEB0281B7E5E95D7D68 = {isa = PBXFileReference; lastKnownFileType = sourcecode.cpp.cpp; name = "juce_win32_Network.cpp"; path = "../../../../JUCE/modules/juce_core/native/juce_win32_Network.cpp"; sourceTree = "SOURCE_ROOT"; };
		0C969D1A34D984C121AA7C78 = {isa = PBXFileReference; lastKnownFileType = sourcecode.c.h; name = "juce_InterprocessConnectionServer.h"; path = "../../../../JUCE/modules/juce_events/interprocess/juce_InterprocessConnectionServer.h"; sourceTree = "SOURCE_ROOT"; };
		0CE3367F39D15893FCEB765D = {isa = PBXFileReference; lastKnownFileType = sourcecode.c.h; name = "juce_ChildProcess.h"; path = "../../../../JUCE/modules/juce_core/threads/juce_ChildProcess.h"; sourceTree = "SOURCE_ROOT"; };
		0CF20DD1C31190B4E923C274 = {isa = PBXFileReference; lastKnownFileType = sourcecode.c.h; name = "juce_Javascript.h"; path = "../../../../JUCE/modules/juce_core/javascript/juce_Javascript.h"; sourceTree = "SOURCE_ROOT"; };
		0D0EC3BE2FE96D3398680B65 = {isa = PBXFileReference; lastKnownFileType = sourcecode.cpp.cpp; name = "juce_StringPool.cpp"; path = "../../../../JUCE/modules/juce_core/text/juce_StringPool.cpp"; sourceTree = "SOURCE_ROOT"; };
		100E0A3A304A263268205C8A = {isa = PBXFileReference; lastKnownFileType = wrapper.framework; name = Foundation.framework; path = System/Library/Frameworks/Foundation.framework; sourceTree = SDKROOT; };
		11C69F52F928C14087BC2B3A = {isa = PBXFileReference; lastKnownFileType = sourcecode.c.h; name = "juce_CriticalSection.h"; path = "../../../../JUCE/modules/juce_core/threads/juce_CriticalSection.h"; sourceTree = "SOURCE_ROOT"; };
		12C099AC71E17B4D209E175F = {isa = PBXFileReference; lastKnownFileType = sourcecode.c.h; name = "juce_FileInputSource.h"; path = "../../../../JUCE/modules/juce_core/streams/juce_FileInputSource.h"; sourceTree = "SOURCE_ROOT"; };
		135BF905A108871836A04554 = {isa = PBXFileReference; lastKnownFileType = sourcecode.c.h; name = "juce_Message.h"; path = "../../../../JUCE/modules/juce_events/messages/juce_Message.h"; sourceTree = "SOURCE_ROOT"; };
		13B8A11629CBA50B96350790 = {isa = PBXFileReference; lastKnownFileType = sourcecode.cpp.cpp; name = "juce_linux_Messaging.cpp"; path = "../../../../JUCE/modules/juce_events/native/juce_linux_Messaging.cpp"; sourceTree = "SOURCE_ROOT"; };
		14638031A9E7BFA708970238 = {isa = PBXFileReference; lastKnownFileType = sourcecode.c.h; name = "juce_NamedPipe.h"; path = "../../../../JUCE/modules/juce_core/network/juce_NamedPipe.h"; sourceTree = "SOURCE_ROOT"; };
		14AF74FA6DE3F12BD46AED66 = {isa = PBXFileReference; lastKnownFileType = sourcecode.c.h; name = "juce_WeakReference.h"; path = "../../../../JUCE/modules/juce_core/memory/juce_WeakReference.h"; sourceTree = "SOURCE_ROOT"; };
		14EA7281580C4738317D3DCB = {isa = PBXFileReference; lastKnownFileType = sourcecode.cpp.cpp; name = "juce_File.cpp"; path = "../../../../JUCE/modules/juce_core/files/juce_File.cpp"; sourceTree = "SOURCE_ROOT"; };
		18B2EE788BEDEF2C19716AF1 = {isa = PBXFileReference; lastKnownFileType = sourcecode.c.h; name = "juce_StringPairArray.h"; path = "../../../../JUCE/modules/juce_core/text/juce_StringPairArray.h"; sourceTree = "SOURCE_ROOT"; };
		19AF38EF2CDCABACB8C929B5 = {isa = PBXFileReference; lastKnownFileType = sourcecode.c.h; name = "juce_Random.h"; path = "../../../../JUCE/modules/juce_core/maths/juce_Random.h"; sourceTree = "SOURCE_ROOT"; };
		19F8C3BF74A4064D71F6EFA6 = {isa = PBXFileReference; lastKnownFileType = sourcecode.c.h; name = "juce_Process.h"; path = "../../../../JUCE/modules/juce_core/threads/juce_Process.h"; sourceTree = "SOURCE_ROOT"; };
		1B01CD007AA932973E1A2581 = {isa = PBXFileReference; lastKnownFileType = sourcecode.c.h; name = "juce_ConnectedChildProcess.h"; path = "../../../../JUCE/modules/juce_events/interprocess/juce_ConnectedChildProcess.h"; sourceTree = "SOURCE_ROOT"; };
		1BC90FA7CB4CC7E43E1E1BA9 = {isa = PBXFileReference; lastKnownFileType = sourcecode.c.h; name = "juce_CharPointer_UTF16.h"; path = "../../../../JUCE/modules/juce_core/text/juce_CharPointer_UTF16.h"; sourceTree = "SOURCE_ROOT"; };
		1C6B62085198586EC534F296 = {isa = PBXFileReference; lastKnownFileType = sourcecode.c.h; name = "juce_WindowsRegistry.h"; path = "../../../../JUCE/modules/juce_core/misc/juce_WindowsRegistry.h"; sourceTree = "SOURCE_ROOT"; };
		1DDC224029527E6F8E0AFD12 = {isa = PBXFileReference; lastKnownFileType = sourcecode.cpp.cpp; name = "juce_TimeSliceThread.cpp"; path = "../../../../JUCE/modules/juce_core/threads/juce_TimeSliceThread.cpp"; sourceTree = "SOURCE_ROOT"; };
		1EB15CA1698E420603EFF60D = {isa = PBXFileReference; lastKnownFileType = sourcecode.cpp.objcpp; name = "juce_mac_MessageManager.mm"; path = "../../../../JUCE/modules/juce_events/native/juce_mac_MessageManager.mm"; sourceTree = "SOURCE_ROOT"; };
		201F27BA414820A06E160767 = {isa = PBXFileReference; lastKnownFileType = sourcecode.c.h; name = "juce_SubregionStream.h"; path = "../../../../JUCE/modules/juce_core/streams/juce_SubregionStream.h"; sourceTree = "SOURCE_ROOT"; };
		206071FB16596B0C83AB9012 = {isa = PBXFileReference; lastKnownFileType = sourcecode.c.h; name = "apple_pthread_barrier.h"; path = "../../../common/apple_pthread_barrier.h"; sourceTree = "SOURCE_ROOT"; };
		22AE7FB9C787234F05D5881D = {isa = PBXFileReference; lastKnownFileType = sourcecode.c.h; name = "juce_ReadWriteLock.h"; path = "../../../../JUCE/modules/juce_core/threads/juce_ReadWriteLock.h"; sourceTree = "SOURCE_ROOT"; };
		234D4A00EA9E1BC1A81446ED = {isa = PBXFileReference; lastKnownFileType = sourcecode.c.h; name = "juce_JSON.h"; path = "../../../../JUCE/modules/juce_core/javascript/juce_JSON.h"; sourceTree = "SOURCE_ROOT"; };
		23C231BCBE369901840C329B = {isa = PBXFileReference; lastKnownFileType = sourcecode.c.h; name = "juce_posix_SharedCode.h"; path = "../../../../JUCE/modules/juce_core/native/juce_posix_SharedCode.h"; sourceTree = "SOURCE_ROOT"; };
		2429534FD73468EF9EA794D6 = {isa = PBXFileReference; lastKnownFileType = sourcecode.cpp.cpp; name = "juce_SystemStats.cpp"; path = "../../../../JUCE/modules/juce_core/system/juce_SystemStats.cpp"; sourceTree = "SOURCE_ROOT"; };
		24A4CFEE84C56204FCDC9E64 = {isa = PBXFileReference; lastKnownFileType = sourcecode.c.h; name = "juce_win32_ComSmartPtr.h"; path = "../../../../JUCE/modules/juce_core/native/juce_win32_ComSmartPtr.h"; sourceTree = "SOURCE_ROOT"; };
		26B0026AFFEF8C2A79C7FCAC = {isa = PBXFileReference; lastKnownFileType = sourcecode.c.h; name = "juce_MathsFunctions.h"; path = "../../../../JUCE/modules/juce_core/maths/juce_MathsFunctions.h"; sourceTree = "SOURCE_ROOT"; };
		283C0A31B0753F44471508E9 = {isa = PBXFileReference; lastKnownFileType = sourcecode.cpp.cpp; name = "juce_win32_Threads.cpp"; path = "../../../../JUCE/modules/juce_core/native/juce_win32_Threads.cpp"; sourceTree = "SOURCE_ROOT"; };
		289C703AD6D836D271F814A0 = {isa = PBXFileReference; lastKnownFileType = sourcecode.cpp.cpp; name = "juce_IPAddress.cpp"; path = "../../../../JUCE/modules/juce_core/network/juce_IPAddress.cpp"; sourceTree = "SOURCE_ROOT"; };
		29F23111C99D8F83C9BDEE9F = {isa = PBXFileReference; lastKnownFileType = sourcecode.cpp.cpp; name = "juce_ZipFile.cpp"; path = "../../../../JUCE/modules/juce_core/zip/juce_ZipFile.cpp"; sourceTree = "SOURCE_ROOT"; };
		2A0B9C26B7644413553C79AB = {isa = PBXFileReference; lastKnownFileType = sourcecode.cpp.cpp; name = "juce_DirectoryIterator.cpp"; path = "../../../../JUCE/modules/juce_core/files/juce_DirectoryIterator.cpp"; sourceTree = "SOURCE_ROOT"; };
		2B0D03A36AB2B0EFF1DADC7C = {isa = PBXFileReference; lastKnownFileType = sourcecode.c.h; name = "juce_ArrayAllocationBase.h"; path = "../../../../JUCE/modules/juce_core/containers/juce_ArrayAllocationBase.h"; sourceTree = "SOURCE_ROOT"; };
		2B2514BFF28089C9F0E722AC = {isa = PBXFileReference; lastKnownFileType = sourcecode.c.h; name = "juce_AsyncUpdater.h"; path = "../../../../JUCE/modules/juce_events/broadcasters/juce_AsyncUpdater.h"; sourceTree = "SOURCE_ROOT"; };
		2B66C1ABFC494CBA6C6FA520 = {isa = PBXFileReference; lastKnownFileType = sourcecode.cpp.objcpp; name = "juce_core.mm"; path = "../../../../JUCE/modules/juce_core/juce_core.mm"; sourceTree = "SOURCE_ROOT"; };
		2BB3FB255B105FD80C1E480C = {isa = PBXFileReference; lastKnownFileType = sourcecode.cpp.cpp; name = "juce_MemoryOutputStream.cpp"; path = "../../../../JUCE/modules/juce_core/streams/juce_MemoryOutputStream.cpp"; sourceTree = "SOURCE_ROOT"; };
		2C49A068929E648356AC146A = {isa = PBXFileReference; lastKnownFileType = file; name = "juce_module_info"; path = "../../../../JUCE/modules/juce_events/juce_module_info"; sourceTree = "SOURCE_ROOT"; };
		2F1A34ECB203101267FA7F23 = {isa = PBXFileReference; lastKnownFileType = sourcecode.cpp.cpp; name = "juce_android_Files.cpp"; path = "../../../../JUCE/modules/juce_core/native/juce_android_Files.cpp"; sourceTree = "SOURCE_ROOT"; };
		2FCEA154ED6FEBC4C9D84251 = {isa = PBXFileReference; lastKnownFileType = sourcecode.cpp.cpp; name = "juce_win32_Registry.cpp"; path = "../../../../JUCE/modules/juce_core/native/juce_win32_Registry.cpp"; sourceTree = "SOURCE_ROOT"; };
		303039A6A883720A21A3DB93 = {isa = PBXFileReference; lastKnownFileType = sourcecode.c.h; name = "juce_ApplicationProperties.h"; path = "../../../../JUCE/modules/juce_data_structures/app_properties/juce_ApplicationProperties.h"; sourceTree = "SOURCE_ROOT"; };
		31069E29A112829EF68FE6C8 = {isa = PBXFileReference; lastKnownFileType = sourcecode.c.h; name = "juce_Timer.h"; path = "../../../../JUCE/modules/juce_events/timers/juce_Timer.h"; sourceTree = "SOURCE_ROOT"; };
		32120D04A0081C522D623F0A = {isa = PBXFileReference; lastKnownFileType = sourcecode.c.h; name = "juce_GZIPCompressorOutputStream.h"; path = "../../../../JUCE/modules/juce_core/zip/juce_GZIPCompressorOutputStream.h"; sourceTree = "SOURCE_ROOT"; };
		329FD64EE77403B5F18BBFFC = {isa = PBXFileReference; lastKnownFileType = sourcecode.c.h; name = "juce_StandardHeader.h"; path = "../../../../JUCE/modules/juce_core/system/juce_StandardHeader.h"; sourceTree = "SOURCE_ROOT"; };
		337DFECB38E4B9BE0A732900 = {isa = PBXFileReference; lastKnownFileType = sourcecode.c.h; name = "juce_URL.h"; path = "../../../../JUCE/modules/juce_core/network/juce_URL.h"; sourceTree = "SOURCE_ROOT"; };
		345DF53667E6D83476D074A2 = {isa = PBXFileReference; lastKnownFileType = sourcecode.cpp.cpp; name = "juce_Thread.cpp"; path = "../../../../JUCE/modules/juce_core/threads/juce_Thread.cpp"; sourceTree = "SOURCE_ROOT"; };
		34BB48D10BE67C5A7F0733BA = {isa = PBXFileReference; lastKnownFileType = sourcecode.cpp.cpp; name = "juce_InterprocessConnection.cpp"; path = "../../../../JUCE/modules/juce_events/interprocess/juce_InterprocessConnection.cpp"; sourceTree = "SOURCE_ROOT"; };
		362E01755FD541561F78D74C = {isa = PBXFileReference; lastKnownFileType = sourcecode.c.h; name = "juce_ByteOrder.h"; path = "../../../../JUCE/modules/juce_core/memory/juce_ByteOrder.h"; sourceTree = "SOURCE_ROOT"; };
		36F5E408420BC5B22195C664 = {isa = PBXFileReference; lastKnownFileType = sourcecode.c.h; name = "juce_MessageManager.h"; path = "../../../../JUCE/modules/juce_events/messages/juce_MessageManager.h"; sourceTree = "SOURCE_ROOT"; };
		372DA89AF7B8D6545D305FF9 = {isa = PBXFileReference; lastKnownFileType = sourcecode.c.h; name = "juce_InterProcessLock.h"; path = "../../../../JUCE/modules/juce_core/threads/juce_InterProcessLock.h"; sourceTree = "SOURCE_ROOT"; };
		39CDB43D86F7EED88CB6DFDC = {isa = PBXFileReference; lastKnownFileType = sourcecode.cpp.cpp; name = "juce_ChangeBroadcaster.cpp"; path = "../../../../JUCE/modules/juce_events/broadcasters/juce_ChangeBroadcaster.cpp"; sourceTree = "SOURCE_ROOT"; };
		39CF4EF5DA93B582D57A1C36 = {isa = PBXFileReference; lastKnownFileType = sourcecode.c.h; name = "juce_LinkedListPointer.h"; path = "../../../../JUCE/modules/juce_core/containers/juce_LinkedListPointer.h"; sourceTree = "SOURCE_ROOT"; };
		3ABA1958AEA48154380122DC = {isa = PBXFileReference; lastKnownFileType = sourcecode.cpp.cpp; name = "juce_DeletedAtShutdown.cpp"; path = "../../../../JUCE/modules/juce_events/messages/juce_DeletedAtShutdown.cpp"; sourceTree = "SOURCE_ROOT"; };
		3B60C0B79B8C393CE9D23527 = {isa = PBXFileReference; lastKnownFileType = sourcecode.cpp.cpp; name = "juce_MessageManager.cpp"; path = "../../../../JUCE/modules/juce_events/messages/juce_MessageManager.cpp"; sourceTree = "SOURCE_ROOT"; };
		3B96B335EC2B58AA287E9CE0 = {isa = PBXFileReference; lastKnownFileType = sourcecode.cpp.objcpp; name = "juce_mac_Network.mm"; path = "../../../../JUCE/modules/juce_core/native/juce_mac_Network.mm"; sourceTree = "SOURCE_ROOT"; };
		3B97EC588E9AC2178CC464AB = {isa = PBXFileReference; lastKnownFileType = sourcecode.c.h; name = JuceHeader.h; path = ../../JuceLibraryCode/JuceHeader.h; sourceTree = "SOURCE_ROOT"; };
		3BD62D88A40217833446A957 = {isa = PBXFileReference; lastKnownFileType = sourcecode.c.h; name = "juce_Thread.h"; path = "../../../../JUCE/modules/juce_core/threads/juce_Thread.h"; sourceTree = "SOURCE_ROOT"; };
		3BFFC94AE8AE72D3B4C9CFE2 = {isa = PBXFileReference; lastKnownFileType = sourcecode.cpp.cpp; name = "juce_InputStream.cpp"; path = "../../../../JUCE/modules/juce_core/streams/juce_InputStream.cpp"; sourceTree = "SOURCE_ROOT"; };
		3C944B8DBC7C978F06B65127 = {isa = PBXFileReference; lastKnownFileType = sourcecode.c.h; name = "juce_core.h"; path = "../../../../JUCE/modules/juce_core/juce_core.h"; sourceTree = "SOURCE_ROOT"; };
		3D7C2AC5D3F62FCBAFB2826B = {isa = PBXFileReference; lastKnownFileType = sourcecode.c.h; name = "juce_Socket.h"; path = "../../../../JUCE/modules/juce_core/network/juce_Socket.h"; sourceTree = "SOURCE_ROOT"; };
		407C6493786B37D2A60AD3F3 = {isa = PBXFileReference; lastKnownFileType = sourcecode.cpp.cpp; name = "juce_BigInteger.cpp"; path = "../../../../JUCE/modules/juce_core/maths/juce_BigInteger.cpp"; sourceTree = "SOURCE_ROOT"; };
		423D9522C0DF2A07A8D7623C = {isa = PBXFileReference; lastKnownFileType = sourcecode.cpp.cpp; name = "juce_PropertySet.cpp"; path = "../../../../JUCE/modules/juce_core/containers/juce_PropertySet.cpp"; sourceTree = "SOURCE_ROOT"; };
		426D5BB72F136404FF3D215A = {isa = PBXFileReference; lastKnownFileType = sourcecode.c.h; name = "juce_events.h"; path = "../../../../JUCE/modules/juce_events/juce_events.h"; sourceTree = "SOURCE_ROOT"; };
		43969CC56A8779C1F6831D44 = {isa = PBXFileReference; lastKnownFileType = sourcecode.cpp.cpp; name = "juce_Timer.cpp"; path = "../../../../JUCE/modules/juce_events/timers/juce_Timer.cpp"; sourceTree = "SOURCE_ROOT"; };
		463ABC21703FEB5E57227D42 = {isa = PBXFileReference; lastKnownFileType = sourcecode.c.h; name = "juce_PropertiesFile.h"; path = "../../../../JUCE/modules/juce_data_structures/app_properties/juce_PropertiesFile.h"; sourceTree = "SOURCE_ROOT"; };
		468645E440C069AD20E8A9B2 = {isa = PBXFileReference; lastKnownFileType = sourcecode.c.h; name = "juce_TextDiff.h"; path = "../../../../JUCE/modules/juce_core/text/juce_TextDiff.h"; sourceTree = "SOURCE_ROOT"; };
		472552D67B25E201BB741F0E = {isa = PBXFileReference; lastKnownFileType = sourcecode.c.h; name = "juce_RelativeTime.h"; path = "../../../../JUCE/modules/juce_core/time/juce_RelativeTime.h"; sourceTree = "SOURCE_ROOT"; };
		47268BCA7713DBE36FDA8EDD = {isa = PBXFileReference; lastKnownFileType = sourcecode.cpp.cpp; name = "juce_NamedValueSet.cpp"; path = "../../../../JUCE/modules/juce_core/containers/juce_NamedValueSet.cpp"; sourceTree = "SOURCE_ROOT"; };
		47FF70E141D744DB97F2803C = {isa = PBXFileReference; lastKnownFileType = sourcecode.c.h; name = "juce_BasicNativeHeaders.h"; path = "../../../../JUCE/modules/juce_core/native/juce_BasicNativeHeaders.h"; sourceTree = "SOURCE_ROOT"; };
		4A6F53D8731649732F8DD687 = {isa = PBXFileReference; lastKnownFileType = sourcecode.cpp.cpp; name = "juce_String.cpp"; path = "../../../../JUCE/modules/juce_core/text/juce_String.cpp"; sourceTree = "SOURCE_ROOT"; };
		4BA3E55D119DF61EBAF6966A = {isa = PBXFileReference; lastKnownFileType = sourcecode.c.c; name = "field_manager.c"; path = "../../../common/field_manager.c"; sourceTree = "SOURCE_ROOT"; };
		4C8DC4182E00D77754AF14F9 = {isa = PBXFileReference; lastKnownFileType = sourcecode.cpp.cpp; name = "juce_XmlDocument.cpp"; path = "../../../../JUCE/modules/juce_core/xml/juce_XmlDocument.cpp"; sourceTree = "SOURCE_ROOT"; };
		4ECE2E01CE396A63BAC73A72 = {isa = PBXFileReference; lastKnownFileType = sourcecode.cpp.cpp; name = "juce_DynamicObject.cpp"; path = "../../../../JUCE/modules/juce_core/containers/juce_DynamicObject.cpp"; sourceTree = "SOURCE_ROOT"; };
		4FB98A4026D4BB1B3FB2F467 = {isa = PBXFileReference; lastKnownFileType = sourcecode.cpp.cpp; name = "juce_TextDiff.cpp"; path = "../../../../JUCE/modules/juce_core/text/juce_TextDiff.cpp"; sourceTree = "SOURCE_ROOT"; };
		5012AF96A5A5609FE0FF75D8 = {isa = PBXFileReference; lastKnownFileType = sourcecode.c.h; name = "juce_MemoryInputStream.h"; path = "../../../../JUCE/modules/juce_core/streams/juce_MemoryInputStream.h"; sourceTree = "SOURCE_ROOT"; };
		5053943697CB3F150AC4071B = {isa = PBXFileReference; lastKnownFileType = sourcecode.cpp.cpp; name = "juce_MemoryInputStream.cpp"; path = "../../../../JUCE/modules/juce_core/streams/juce_MemoryInputStream.cpp"; sourceTree = "SOURCE_ROOT"; };
		527ADA50DD455156384D6493 = {isa = PBXFileReference; lastKnownFileType = sourcecode.c.h; name = "juce_ScopedReadLock.h"; path = "../../../../JUCE/modules/juce_core/threads/juce_ScopedReadLock.h"; sourceTree = "SOURCE_ROOT"; };
		552C8FF0FDC79B20424ABC6A = {isa = PBXFileReference; lastKnownFileType = sourcecode.cpp.cpp; name = "juce_android_Threads.cpp"; path = "../../../../JUCE/modules/juce_core/native/juce_android_Threads.cpp"; sourceTree = "SOURCE_ROOT"; };
		55ABD847226E178044577E87 = {isa = PBXFileReference; lastKnownFileType = sourcecode.cpp.cpp; name = "juce_CharacterFunctions.cpp"; path = "../../../../JUCE/modules/juce_core/text/juce_CharacterFunctions.cpp"; sourceTree = "SOURCE_ROOT"; };
		589C5C1BC586BE49F4008D27 = {isa = PBXFileReference; lastKnownFileType = sourcecode.cpp.cpp; name = "juce_URL.cpp"; path = "../../../../JUCE/modules/juce_core/network/juce_URL.cpp"; sourceTree = "SOURCE_ROOT"; };
		5BFA404D695611BEDA9095FB = {isa = PBXFileReference; lastKnownFileType = sourcecode.cpp.cpp; name = "juce_linux_Files.cpp"; path = "../../../../JUCE/modules/juce_core/native/juce_linux_Files.cpp"; sourceTree = "SOURCE_ROOT"; };
		5CB252A367847A096804F922 = {isa = PBXFileReference; lastKnownFileType = sourcecode.c.h; name = "juce_ReferenceCountedObject.h"; path = "../../../../JUCE/modules/juce_core/memory/juce_ReferenceCountedObject.h"; sourceTree = "SOURCE_ROOT"; };
		5CF597F7DAD46E035BD36C83 = {isa = PBXFileReference; lastKnownFileType = sourcecode.cpp.cpp; name = "juce_UndoManager.cpp"; path = "../../../../JUCE/modules/juce_data_structures/undomanager/juce_UndoManager.cpp"; sourceTree = "SOURCE_ROOT"; };
		5E7A93DC4836C118DF75A6FB = {isa = PBXFileReference; lastKnownFileType = sourcecode.c.h; name = AppConfig.h; path = ../../JuceLibraryCode/AppConfig.h; sourceTree = "SOURCE_ROOT"; };
		5EE827E0497055030C41C8FC = {isa = PBXFileReference; lastKnownFileType = sourcecode.c.h; name = "juce_NamedValueSet.h"; path = "../../../../JUCE/modules/juce_core/containers/juce_NamedValueSet.h"; sourceTree = "SOURCE_ROOT"; };
		622D9AE3150D0F4EE6738508 = {isa = PBXFileReference; lastKnownFileType = sourcecode.c.h; name = "juce_StringRef.h"; path = "../../../../JUCE/modules/juce_core/text/juce_StringRef.h"; sourceTree = "SOURCE_ROOT"; };
		62E669B57701806E03A0DCE7 = {isa = PBXFileReference; lastKnownFileType = sourcecode.cpp.cpp; name = "juce_TemporaryFile.cpp"; path = "../../../../JUCE/modules/juce_core/files/juce_TemporaryFile.cpp"; sourceTree = "SOURCE_ROOT"; };
		63CE6B8C08827769805FB5E3 = {isa = PBXFileReference; lastKnownFileType = sourcecode.c.h; name = "juce_GZIPDecompressorInputStream.h"; path = "../../../../JUCE/modules/juce_core/zip/juce_GZIPDecompressorInputStream.h"; sourceTree = "SOURCE_ROOT"; };
		6535E229F286741189E5C1C7 = {isa = PBXFileReference; lastKnownFileType = sourcecode.c.h; name = "juce_BufferedInputStream.h"; path = "../../../../JUCE/modules/juce_core/streams/juce_BufferedInputStream.h"; sourceTree = "SOURCE_ROOT"; };
		65832F2D5BEF0035102F7D78 = {isa = PBXFileReference; lastKnownFileType = sourcecode.cpp.cpp; name = "juce_StringArray.cpp"; path = "../../../../JUCE/modules/juce_core/text/juce_StringArray.cpp"; sourceTree = "SOURCE_ROOT"; };
		65E7EDBF0CF76D06E79E83B6 = {isa = PBXFileReference; lastKnownFileType = sourcecode.cpp.cpp; name = "juce_FileInputStream.cpp"; path = "../../../../JUCE/modules/juce_core/files/juce_FileInputStream.cpp"; sourceTree = "SOURCE_ROOT"; };
		6624097CD7D5AF4A60718DC9 = {isa = PBXFileReference; lastKnownFileType = sourcecode.cpp.cpp; name = "juce_PropertiesFile.cpp"; path = "../../../../JUCE/modules/juce_data_structures/app_properties/juce_PropertiesFile.cpp"; sourceTree = "SOURCE_ROOT"; };
		676EFBFB5C7C16CE56E32CE3 = {isa = PBXFileReference; lastKnownFileType = sourcecode.c.h; name = "juce_ZipFile.h"; path = "../../../../JUCE/modules/juce_core/zip/juce_ZipFile.h"; sourceTree = "SOURCE_ROOT"; };
		68DA387A4C00E0C9E31D2586 = {isa = PBXFileReference; lastKnownFileType = sourcecode.c.h; name = "juce_Range.h"; path = "../../../../JUCE/modules/juce_core/maths/juce_Range.h"; sourceTree = "SOURCE_ROOT"; };
		695AD8D50C4F81EA254D51D2 = {isa = PBXFileReference; lastKnownFileType = sourcecode.cpp.cpp; name = "juce_Value.cpp"; path = "../../../../JUCE/modules/juce_data_structures/values/juce_Value.cpp"; sourceTree = "SOURCE_ROOT"; };
		6BFFA7B06A57AAD25ECA466C = {isa = PBXFileReference; lastKnownFileType = sourcecode.c.h; name = "juce_CharPointer_UTF32.h"; path = "../../../../JUCE/modules/juce_core/text/juce_CharPointer_UTF32.h"; sourceTree = "SOURCE_ROOT"; };
		6C09FA83ED82F4EE79281825 = {isa = PBXFileReference; lastKnownFileType = sourcecode.cpp.cpp; name = "juce_ActionBroadcaster.cpp"; path = "../../../../JUCE/modules/juce_events/broadcasters/juce_ActionBroadcaster.cpp"; sourceTree = "SOURCE_ROOT"; };
		6DDEE00CF09544DE3792CC9B = {isa = PBXFileReference; lastKnownFileType = sourcecode.c.h; name = "juce_DeletedAtShutdown.h"; path = "../../../../JUCE/modules/juce_events/messages/juce_DeletedAtShutdown.h"; sourceTree = "SOURCE_ROOT"; };
		6DECC3656E724A33C5C942A7 = {isa = PBXFileReference; lastKnownFileType = sourcecode.c.h; name = "juce_MessageListener.h"; path = "../../../../JUCE/modules/juce_events/messages/juce_MessageListener.h"; sourceTree = "SOURCE_ROOT"; };
		6E3A5044C1D7D685ADC57524 = {isa = PBXFileReference; lastKnownFileType = sourcecode.c.h; name = "juce_ContainerDeletePolicy.h"; path = "../../../../JUCE/modules/juce_core/memory/juce_ContainerDeletePolicy.h"; sourceTree = "SOURCE_ROOT"; };
		6EFD0932615E99D518E41701 = {isa = PBXFileReference; lastKnownFileType = sourcecode.c.h; name = "juce_CharPointer_ASCII.h"; path = "../../../../JUCE/modules/juce_core/text/juce_CharPointer_ASCII.h"; sourceTree = "SOURCE_ROOT"; };
		74362C636E3EA3203582466B = {isa = PBXFileReference; lastKnownFileType = sourcecode.c.h; name = "juce_StringPool.h"; path = "../../../../JUCE/modules/juce_core/text/juce_StringPool.h"; sourceTree = "SOURCE_ROOT"; };
		74771DF3EFD3F1DBD5F956F4 = {isa = PBXFileReference; lastKnownFileType = sourcecode.cpp.objcpp; name = "juce_mac_Files.mm"; path = "../../../../JUCE/modules/juce_core/native/juce_mac_Files.mm"; sourceTree = "SOURCE_ROOT"; };
		762067F0A842530922A5935C = {isa = PBXFileReference; lastKnownFileType = sourcecode.c.h; name = "juce_ValueTreeSynchroniser.h"; path = "../../../../JUCE/modules/juce_data_structures/values/juce_ValueTreeSynchroniser.h"; sourceTree = "SOURCE_ROOT"; };
		767AAEB6923BA2B9FAD89FA5 = {isa = PBXFileReference; lastKnownFileType = sourcecode.cpp.cpp; name = "juce_ApplicationProperties.cpp"; path = "../../../../JUCE/modules/juce_data_structures/app_properties/juce_ApplicationProperties.cpp"; sourceTree = "SOURCE_ROOT"; };
		768594734AD887EE8B8E5BFC = {isa = PBXFileReference; lastKnownFileType = sourcecode.c.h; name = "juce_ActionBroadcaster.h"; path = "../../../../JUCE/modules/juce_events/broadcasters/juce_ActionBroadcaster.h"; sourceTree = "SOURCE_ROOT"; };
		78DADCD6C166D9EA27AAE838 = {isa = PBXFileReference; lastKnownFileType = sourcecode.c.h; name = "juce_CharacterFunctions.h"; path = "../../../../JUCE/modules/juce_core/text/juce_CharacterFunctions.h"; sourceTree = "SOURCE_ROOT"; };
		7B0954268CA9BEC559E55386 = {isa = PBXFileReference; lastKnownFileType = sourcecode.cpp.cpp; name = "juce_MACAddress.cpp"; path = "../../../../JUCE/modules/juce_core/network/juce_MACAddress.cpp"; sourceTree = "SOURCE_ROOT"; };
		7B0A89242BEC8DE9463FDB44 = {isa = PBXFileReference; lastKnownFileType = file; name = "juce_module_info"; path = "../../../../JUCE/modules/juce_core/juce_module_info"; sourceTree = "SOURCE_ROOT"; };
		7B27D31488C9A461C57955B2 = {isa = PBXFileReference; lastKnownFileType = sourcecode.c.h; name = "juce_TargetPlatform.h"; path = "../../../../JUCE/modules/juce_core/system/juce_TargetPlatform.h"; sourceTree = "SOURCE_ROOT"; };
		7B4E83E4FC28CC50C1908647 = {isa = PBXFileReference; lastKnownFileType = sourcecode.c.h; name = "juce_osx_MessageQueue.h"; path = "../../../../JUCE/modules/juce_events/native/juce_osx_MessageQueue.h"; sourceTree = "SOURCE_ROOT"; };
		7BA750EC61CA3D04859C130A = {isa = PBXFileReference; lastKnownFileType = sourcecode.cpp.cpp; name = "juce_NamedPipe.cpp"; path = "../../../../JUCE/modules/juce_core/network/juce_NamedPipe.cpp"; sourceTree = "SOURCE_ROOT"; };
		7BAB65535DFC7E53879C5CB2 = {isa = PBXFileReference; lastKnownFileType = sourcecode.cpp.cpp; name = "juce_MultiTimer.cpp"; path = "../../../../JUCE/modules/juce_events/timers/juce_MultiTimer.cpp"; sourceTree = "SOURCE_ROOT"; };
		7BD5F2B08FEEB8EE70B89152 = {isa = PBXFileReference; lastKnownFileType = sourcecode.c.h; name = "juce_data_structures.h"; path = "../../../../JUCE/modules/juce_data_structures/juce_data_structures.h"; sourceTree = "SOURCE_ROOT"; };
		7CCE408513959DB3D50FDBD2 = {isa = PBXFileReference; lastKnownFileType = sourcecode.c.h; name = "juce_IPAddress.h"; path = "../../../../JUCE/modules/juce_core/network/juce_IPAddress.h"; sourceTree = "SOURCE_ROOT"; };
		7CEB50BDEA50DF0AEE4E2E0D = {isa = PBXFileReference; lastKnownFileType = sourcecode.c.h; name = "juce_android_JNIHelpers.h"; path = "../../../../JUCE/modules/juce_core/native/juce_android_JNIHelpers.h"; sourceTree = "SOURCE_ROOT"; };
		7D6E13BE4D9F141D925A461A = {isa = PBXFileReference; lastKnownFileType = sourcecode.cpp.cpp; name = "juce_JSON.cpp"; path = "../../../../JUCE/modules/juce_core/javascript/juce_JSON.cpp"; sourceTree = "SOURCE_ROOT"; };
		7F070586DF0C15F2206E7935 = {isa = PBXFileReference; lastKnownFileType = sourcecode.c.h; name = "juce_ReferenceCountedArray.h"; path = "../../../../JUCE/modules/juce_core/containers/juce_ReferenceCountedArray.h"; sourceTree = "SOURCE_ROOT"; };
		7F136EBBD6EDC40E0759989E = {isa = PBXFileReference; lastKnownFileType = sourcecode.c.h; name = "juce_ScopedLock.h"; path = "../../../../JUCE/modules/juce_core/threads/juce_ScopedLock.h"; sourceTree = "SOURCE_ROOT"; };
		7F5D911C28B806E9E1C5E43C = {isa = PBXFileReference; lastKnownFileType = sourcecode.cpp.cpp; name = "juce_InterprocessConnectionServer.cpp"; path = "../../../../JUCE/modules/juce_events/interprocess/juce_InterprocessConnectionServer.cpp"; sourceTree = "SOURCE_ROOT"; };
		807A8FD04F3904DD74609F98 = {isa = PBXFileReference; lastKnownFileType = sourcecode.c.h; name = "juce_Expression.h"; path = "../../../../JUCE/modules/juce_core/maths/juce_Expression.h"; sourceTree = "SOURCE_ROOT"; };
		80D45E4456EE45B881D996BF = {isa = PBXFileReference; lastKnownFileType = sourcecode.c.h; name = "juce_ScopedXLock.h"; path = "../../../../JUCE/modules/juce_events/native/juce_ScopedXLock.h"; sourceTree = "SOURCE_ROOT"; };
		812C6464C97B49F1C7C53237 = {isa = PBXFileReference; lastKnownFileType = sourcecode.c.h; name = "juce_SparseSet.h"; path = "../../../../JUCE/modules/juce_core/containers/juce_SparseSet.h"; sourceTree = "SOURCE_ROOT"; };
		81339B579D4FC54BD621B6C8 = {isa = PBXFileReference; lastKnownFileType = sourcecode.c.h; name = "juce_MemoryBlock.h"; path = "../../../../JUCE/modules/juce_core/memory/juce_MemoryBlock.h"; sourceTree = "SOURCE_ROOT"; };
		81F06D0BD5018056FEA6128A = {isa = PBXFileReference; lastKnownFileType = sourcecode.cpp.cpp; name = "juce_WildcardFileFilter.cpp"; path = "../../../../JUCE/modules/juce_core/files/juce_WildcardFileFilter.cpp"; sourceTree = "SOURCE_ROOT"; };
		82FD77A3F633F262C001695E = {isa = PBXFileReference; lastKnownFileType = sourcecode.c.h; name = "juce_SpinLock.h"; path = "../../../../JUCE/modules/juce_core/threads/juce_SpinLock.h"; sourceTree = "SOURCE_ROOT"; };
		83DFBDA65D6A7A03C8D83C86 = {isa = PBXFileReference; lastKnownFileType = sourcecode.c.h; name = "juce_WildcardFileFilter.h"; path = "../../../../JUCE/modules/juce_core/files/juce_WildcardFileFilter.h"; sourceTree = "SOURCE_ROOT"; };
		850EE34A0EC48D61A23C5FBC = {isa = PBXFileReference; lastKnownFileType = sourcecode.c.h; name = "juce_SharedResourcePointer.h"; path = "../../../../JUCE/modules/juce_core/memory/juce_SharedResourcePointer.h"; sourceTree = "SOURCE_ROOT"; };
		857BF26BFCB7203367291533 = {isa = PBXFileReference; lastKnownFileType = sourcecode.c.h; name = "juce_InputSource.h"; path = "../../../../JUCE/modules/juce_core/streams/juce_InputSource.h"; sourceTree = "SOURCE_ROOT"; };
		875042F5446C71B76C6AD253 = {isa = PBXFileReference; lastKnownFileType = sourcecode.c.h; name = "juce_ScopedWriteLock.h"; path = "../../../../JUCE/modules/juce_core/threads/juce_ScopedWriteLock.h"; sourceTree = "SOURCE_ROOT"; };
		8B56D7417AB6DDC24FB83D64 = {isa = PBXFileReference; lastKnownFileType = sourcecode.c.h; name = "juce_ThreadLocalValue.h"; path = "../../../../JUCE/modules/juce_core/threads/juce_ThreadLocalValue.h"; sourceTree = "SOURCE_ROOT"; };
		8D86B991965B5C4F7C35F7AD = {isa = PBXFileReference; lastKnownFileType = sourcecode.c.h; name = "juce_FileLogger.h"; path = "../../../../JUCE/modules/juce_core/logging/juce_FileLogger.h"; sourceTree = "SOURCE_ROOT"; };
		8DAD61F57EB94333FECBB5A8 = {isa = PBXFileReference; lastKnownFileType = sourcecode.cpp.cpp; name = "juce_Socket.cpp"; path = "../../../../JUCE/modules/juce_core/network/juce_Socket.cpp"; sourceTree = "SOURCE_ROOT"; };
		8F1664466BE3411CF035213A = {isa = PBXFileReference; lastKnownFileType = sourcecode.cpp.cpp; name = "juce_FileOutputStream.cpp"; path = "../../../../JUCE/modules/juce_core/files/juce_FileOutputStream.cpp"; sourceTree = "SOURCE_ROOT"; };
		8F5E290C576E8D75AF062D5F = {isa = PBXFileReference; lastKnownFileType = sourcecode.c.h; name = "juce_Initialisation.h"; path = "../../../../JUCE/modules/juce_events/messages/juce_Initialisation.h"; sourceTree = "SOURCE_ROOT"; };
		903ADBEB9CC2FA5878D1502F = {isa = PBXFileReference; lastKnownFileType = sourcecode.cpp.cpp; name = "juce_posix_NamedPipe.cpp"; path = "../../../../JUCE/modules/juce_core/native/juce_posix_NamedPipe.cpp"; sourceTree = "SOURCE_ROOT"; };
		9146DC73FDE0892D6C5B9240 = {isa = PBXFileReference; lastKnownFileType = file; name = "juce_module_info"; path = "../../../../JUCE/modules/juce_data_structures/juce_module_info"; sourceTree = "SOURCE_ROOT"; };
		93F6D4B02DBD481CAD4A0086 = {isa = PBXFileReference; lastKnownFileType = sourcecode.c.h; name = "juce_File.h"; path = "../../../../JUCE/modules/juce_core/files/juce_File.h"; sourceTree = "SOURCE_ROOT"; };
		95AB0017214D55C508FCDE57 = {isa = PBXFileReference; lastKnownFileType = sourcecode.cpp.cpp; name = "juce_ValueTree.cpp"; path = "../../../../JUCE/modules/juce_data_structures/values/juce_ValueTree.cpp"; sourceTree = "SOURCE_ROOT"; };
		97D784D9F7B4B6D745871FDE = {isa = PBXFileReference; lastKnownFileType = sourcecode.cpp.cpp; name = "juce_linux_CommonFile.cpp"; path = "../../../../JUCE/modules/juce_core/native/juce_linux_CommonFile.cpp"; sourceTree = "SOURCE_ROOT"; };
		9B27106689E1BBD55861D692 = {isa = PBXFileReference; lastKnownFileType = sourcecode.c.h; name = "juce_ScopedPointer.h"; path = "../../../../JUCE/modules/juce_core/memory/juce_ScopedPointer.h"; sourceTree = "SOURCE_ROOT"; };
		9C2A279D3F7EDAF07F4CAC5B = {isa = PBXFileReference; lastKnownFileType = sourcecode.cpp.cpp; name = "juce_ApplicationBase.cpp"; path = "../../../../JUCE/modules/juce_events/messages/juce_ApplicationBase.cpp"; sourceTree = "SOURCE_ROOT"; };
		9CE768BA3D2773251D796655 = {isa = PBXFileReference; lastKnownFileType = sourcecode.cpp.cpp; name = "juce_SubregionStream.cpp"; path = "../../../../JUCE/modules/juce_core/streams/juce_SubregionStream.cpp"; sourceTree = "SOURCE_ROOT"; };
		9D86A788796A1B08549771B7 = {isa = PBXFileReference; lastKnownFileType = sourcecode.cpp.cpp; name = "juce_PerformanceCounter.cpp"; path = "../../../../JUCE/modules/juce_core/time/juce_PerformanceCounter.cpp"; sourceTree = "SOURCE_ROOT"; };
		9EB485CB8DB62A6FE7FDD55F = {isa = PBXFileReference; lastKnownFileType = sourcecode.cpp.cpp; name = "juce_XmlElement.cpp"; path = "../../../../JUCE/modules/juce_core/xml/juce_XmlElement.cpp"; sourceTree = "SOURCE_ROOT"; };
		9F2BF1FDCDE309AA9913C07E = {isa = PBXFileReference; lastKnownFileType = sourcecode.cpp.cpp; name = "juce_OutputStream.cpp"; path = "../../../../JUCE/modules/juce_core/streams/juce_OutputStream.cpp"; sourceTree = "SOURCE_ROOT"; };
		9F8D14E7F1B6A7166FB094A5 = {isa = PBXFileReference; lastKnownFileType = sourcecode.c.h; name = "field_manager_tests.h"; path = "../../Source/field_manager_tests.h"; sourceTree = "SOURCE_ROOT"; };
		A1FB589E918D8B0FDF5AEB81 = {isa = PBXFileReference; lastKnownFileType = sourcecode.c.h; name = "juce_Value.h"; path = "../../../../JUCE/modules/juce_data_structures/values/juce_Value.h"; sourceTree = "SOURCE_ROOT"; };
		A2EAB15AFC8658B4AD099AB4 = {isa = PBXFileReference; lastKnownFileType = sourcecode.c.h; name = "juce_FileSearchPath.h"; path = "../../../../JUCE/modules/juce_core/files/juce_FileSearchPath.h"; sourceTree = "SOURCE_ROOT"; };
		A5AEF86C48EBC16839BAEF09 = {isa = PBXFileReference; lastKnownFileType = sourcecode.c.h; name = "juce_DynamicLibrary.h"; path = "../../../../JUCE/modules/juce_core/threads/juce_DynamicLibrary.h"; sourceTree = "SOURCE_ROOT"; };
		A69FADAF7034CAFCAFFC76BC = {isa = PBXFileReference; lastKnownFileType = sourcecode.cpp.cpp; name = "juce_Result.cpp"; path = "../../../../JUCE/modules/juce_core/misc/juce_Result.cpp"; sourceTree = "SOURCE_ROOT"; };
		A7B19DEEA8A064E1A46964ED = {isa = PBXFileReference; lastKnownFileType = sourcecode.cpp.cpp; name = "juce_GZIPCompressorOutputStream.cpp"; path = "../../../../JUCE/modules/juce_core/zip/juce_GZIPCompressorOutputStream.cpp"; sourceTree = "SOURCE_ROOT"; };
		AB864FF7132ABA85A9374BB5 = {isa = PBXFileReference; lastKnownFileType = sourcecode.cpp.objcpp; name = "juce_mac_Threads.mm"; path = "../../../../JUCE/modules/juce_core/native/juce_mac_Threads.mm"; sourceTree = "SOURCE_ROOT"; };
		AD63EC76CA7978C01BA26D89 = {isa = PBXFileReference; lastKnownFileType = sourcecode.c.h; name = "juce_HeapBlock.h"; path = "../../../../JUCE/modules/juce_core/memory/juce_HeapBlock.h"; sourceTree = "SOURCE_ROOT"; };
		AE0324215FAD86B069390E32 = {isa = PBXFileReference; lastKnownFileType = sourcecode.c.h; name = "juce_LocalisedStrings.h"; path = "../../../../JUCE/modules/juce_core/text/juce_LocalisedStrings.h"; sourceTree = "SOURCE_ROOT"; };
		AE16916E65CA8C276C3938BC = {isa = PBXFileReference; lastKnownFileType = sourcecode.cpp.cpp; name = "juce_ChildProcess.cpp"; path = "../../../../JUCE/modules/juce_core/threads/juce_ChildProcess.cpp"; sourceTree = "SOURCE_ROOT"; };
		AEB5217A863B26B6C8ECAE7D = {isa = PBXFileReference; lastKnownFileType = sourcecode.c.h; name = "juce_InputStream.h"; path = "../../../../JUCE/modules/juce_core/streams/juce_InputStream.h"; sourceTree = "SOURCE_ROOT"; };
		AF685A0BBB32D79DCA76A527 = {isa = PBXFileReference; lastKnownFileType = sourcecode.c.h; name = "field_manager.h"; path = "../../../common/field_manager.h"; sourceTree = "SOURCE_ROOT"; };
		B017D486E6172EFDAF2DE094 = {isa = PBXFileReference; lastKnownFileType = sourcecode.cpp.cpp; name = "juce_StringPairArray.cpp"; path = "../../../../JUCE/modules/juce_core/text/juce_StringPairArray.cpp"; sourceTree = "SOURCE_ROOT"; };
		B208E5F6F7F9072630C21AAB = {isa = PBXFileReference; lastKnownFileType = sourcecode.cpp.cpp; name = "juce_Logger.cpp"; path = "../../../../JUCE/modules/juce_core/logging/juce_Logger.cpp"; sourceTree = "SOURCE_ROOT"; };
		B234C369473E6167217D5A71 = {isa = PBXFileReference; lastKnownFileType = sourcecode.c.h; name = "juce_Result.h"; path = "../../../../JUCE/modules/juce_core/misc/juce_Result.h"; sourceTree = "SOURCE_ROOT"; };
		B28F897F88B47DE825A0072D = {isa = PBXFileReference; lastKnownFileType = sourcecode.c.h; name = "juce_PerformanceCounter.h"; path = "../../../../JUCE/modules/juce_core/time/juce_PerformanceCounter.h"; sourceTree = "SOURCE_ROOT"; };
		B2B7FC54C2B4997C49CF16FF = {isa = PBXFileReference; lastKnownFileType = sourcecode.c.h; name = "juce_Variant.h"; path = "../../../../JUCE/modules/juce_core/containers/juce_Variant.h"; sourceTree = "SOURCE_ROOT"; };
		B330DC45B6FF186AE8C5F2B9 = {isa = PBXFileReference; lastKnownFileType = sourcecode.cpp.cpp; name = "juce_LocalisedStrings.cpp"; path = "../../../../JUCE/modules/juce_core/text/juce_LocalisedStrings.cpp"; sourceTree = "SOURCE_ROOT"; };
		B366E3AF1573D0D32B3F14C7 = {isa = PBXFileReference; lastKnownFileType = sourcecode.c.h; name = "juce_InterprocessConnection.h"; path = "../../../../JUCE/modules/juce_events/interprocess/juce_InterprocessConnection.h"; sourceTree = "SOURCE_ROOT"; };
		B5D7266C4886EF50BBB62845 = {isa = PBXFileReference; lastKnownFileType = sourcecode.c.h; name = "juce_WaitableEvent.h"; path = "../../../../JUCE/modules/juce_core/threads/juce_WaitableEvent.h"; sourceTree = "SOURCE_ROOT"; };
		B8213637AFCA03AF695A1021 = {isa = PBXFileReference; lastKnownFileType = sourcecode.cpp.objcpp; name = "juce_mac_Strings.mm"; path = "../../../../JUCE/modules/juce_core/native/juce_mac_Strings.mm"; sourceTree = "SOURCE_ROOT"; };
		B8477657CF9FE6F59AC9DB73 = {isa = PBXFileReference; lastKnownFileType = sourcecode.cpp.cpp; name = "juce_android_Misc.cpp"; path = "../../../../JUCE/modules/juce_core/native/juce_android_Misc.cpp"; sourceTree = "SOURCE_ROOT"; };
		B8C58356FC3EDD9B2F416333 = {isa = PBXFileReference; lastKnownFileType = sourcecode.cpp.cpp; name = "juce_ReadWriteLock.cpp"; path = "../../../../JUCE/modules/juce_core/threads/juce_ReadWriteLock.cpp"; sourceTree = "SOURCE_ROOT"; };
		B8ECEC7B3FE4ECC5E7FABCD0 = {isa = PBXFileReference; lastKnownFileType = sourcecode.cpp.cpp; name = "juce_ThreadPool.cpp"; path = "../../../../JUCE/modules/juce_core/threads/juce_ThreadPool.cpp"; sourceTree = "SOURCE_ROOT"; };
		B93D069A1CAB11EB88787B00 = {isa = PBXFileReference; lastKnownFileType = sourcecode.c.h; name = "juce_NotificationType.h"; path = "../../../../JUCE/modules/juce_events/messages/juce_NotificationType.h"; sourceTree = "SOURCE_ROOT"; };
		B9C0130926628431C75B1B1A = {isa = PBXFileReference; lastKnownFileType = sourcecode.cpp.cpp; name = "juce_FileSearchPath.cpp"; path = "../../../../JUCE/modules/juce_core/files/juce_FileSearchPath.cpp"; sourceTree = "SOURCE_ROOT"; };
		BAABCB1013A936074413E5B1 = {isa = PBXFileReference; lastKnownFileType = sourcecode.cpp.cpp; name = "juce_HighResolutionTimer.cpp"; path = "../../../../JUCE/modules/juce_core/threads/juce_HighResolutionTimer.cpp"; sourceTree = "SOURCE_ROOT"; };
		BB7B95E4151AEA790DB89F8B = {isa = PBXFileReference; lastKnownFileType = sourcecode.cpp.cpp; name = "juce_win32_SystemStats.cpp"; path = "../../../../JUCE/modules/juce_core/native/juce_win32_SystemStats.cpp"; sourceTree = "SOURCE_ROOT"; };
		BBBB0CC403BD281795024BC6 = {isa = PBXFileReference; lastKnownFileType = sourcecode.cpp.cpp; name = "juce_Uuid.cpp"; path = "../../../../JUCE/modules/juce_core/misc/juce_Uuid.cpp"; sourceTree = "SOURCE_ROOT"; };
		BC18948EA06C797405016A35 = {isa = PBXFileReference; lastKnownFileType = sourcecode.c.h; name = "juce_UndoableAction.h"; path = "../../../../JUCE/modules/juce_data_structures/undomanager/juce_UndoableAction.h"; sourceTree = "SOURCE_ROOT"; };
		BC765705A2EED193DB75A12C = {isa = PBXFileReference; lastKnownFileType = sourcecode.c.h; name = "juce_CallbackMessage.h"; path = "../../../../JUCE/modules/juce_events/messages/juce_CallbackMessage.h"; sourceTree = "SOURCE_ROOT"; };
		BD71BE83DB28F9A2B654CFE7 = {isa = PBXFileReference; lastKnownFileType = sourcecode.cpp.cpp; name = "juce_FileInputSource.cpp"; path = "../../../../JUCE/modules/juce_core/streams/juce_FileInputSource.cpp"; sourceTree = "SOURCE_ROOT"; };
		BE053EA0740518D651E4698F = {isa = PBXFileReference; lastKnownFileType = sourcecode.cpp.cpp; name = "juce_Identifier.cpp"; path = "../../../../JUCE/modules/juce_core/text/juce_Identifier.cpp"; sourceTree = "SOURCE_ROOT"; };
		BEF32CB7EE87C92B046076A2 = {isa = PBXFileReference; lastKnownFileType = sourcecode.cpp.cpp; name = "juce_android_Network.cpp"; path = "../../../../JUCE/modules/juce_core/native/juce_android_Network.cpp"; sourceTree = "SOURCE_ROOT"; };
		C04F9B178E1A3760BB5D1892 = {isa = PBXFileReference; lastKnownFileType = sourcecode.cpp.cpp; name = "juce_win32_Messaging.cpp"; path = "../../../../JUCE/modules/juce_events/native/juce_win32_Messaging.cpp"; sourceTree = "SOURCE_ROOT"; };
		C13F66BDB5A48AE6BAC166B1 = {isa = PBXFileReference; lastKnownFileType = sourcecode.cpp.cpp; name = "juce_linux_Network.cpp"; path = "../../../../JUCE/modules/juce_core/native/juce_linux_Network.cpp"; sourceTree = "SOURCE_ROOT"; };
		C15DA1819196DC0A1088F995 = {isa = PBXFileReference; lastKnownFileType = sourcecode.cpp.objcpp; name = "juce_ios_MessageManager.mm"; path = "../../../../JUCE/modules/juce_events/native/juce_ios_MessageManager.mm"; sourceTree = "SOURCE_ROOT"; };
		C487D0412D7F901171859D51 = {isa = PBXFileReference; lastKnownFileType = sourcecode.c.h; name = "juce_FileFilter.h"; path = "../../../../JUCE/modules/juce_core/files/juce_FileFilter.h"; sourceTree = "SOURCE_ROOT"; };
		C5A6B2247F66252D3BD38770 = {isa = PBXFileReference; lastKnownFileType = sourcecode.c.h; name = "juce_LeakedObjectDetector.h"; path = "../../../../JUCE/modules/juce_core/memory/juce_LeakedObjectDetector.h"; sourceTree = "SOURCE_ROOT"; };
		C6831E559823448A8116A17A = {isa = PBXFileReference; lastKnownFileType = sourcecode.cpp.objcpp; name = "juce_mac_SystemStats.mm"; path = "../../../../JUCE/modules/juce_core/native/juce_mac_SystemStats.mm"; sourceTree = "SOURCE_ROOT"; };
		C6A9D46AB5A62CD0BDD8E6F1 = {isa = PBXFileReference; lastKnownFileType = sourcecode.c.h; name = "juce_TemporaryFile.h"; path = "../../../../JUCE/modules/juce_core/files/juce_TemporaryFile.h"; sourceTree = "SOURCE_ROOT"; };
		C704BD1C6135BB88D7CD3FC6 = {isa = PBXFileReference; lastKnownFileType = sourcecode.cpp.cpp; name = "juce_android_SystemStats.cpp"; path = "../../../../JUCE/modules/juce_core/native/juce_android_SystemStats.cpp"; sourceTree = "SOURCE_ROOT"; };
		C74284702C2ACD5409EA925D = {isa = PBXFileReference; lastKnownFileType = sourcecode.c.h; name = "juce_Logger.h"; path = "../../../../JUCE/modules/juce_core/logging/juce_Logger.h"; sourceTree = "SOURCE_ROOT"; };
		C96CC03D12D622CACAA954D7 = {isa = PBXFileReference; lastKnownFileType = sourcecode.cpp.cpp; name = "juce_AsyncUpdater.cpp"; path = "../../../../JUCE/modules/juce_events/broadcasters/juce_AsyncUpdater.cpp"; sourceTree = "SOURCE_ROOT"; };
		C9D44A0E14EB8350643ABE26 = {isa = PBXFileReference; lastKnownFileType = sourcecode.c.h; name = "juce_OutputStream.h"; path = "../../../../JUCE/modules/juce_core/streams/juce_OutputStream.h"; sourceTree = "SOURCE_ROOT"; };
		CAAEC72D2CEE86DE0AE73937 = {isa = PBXFileReference; lastKnownFileType = sourcecode.c.h; name = "juce_ApplicationBase.h"; path = "../../../../JUCE/modules/juce_events/messages/juce_ApplicationBase.h"; sourceTree = "SOURCE_ROOT"; };
		CB69CC15963F9667040D6FA3 = {isa = PBXFileReference; lastKnownFileType = sourcecode.c.h; name = "juce_Memory.h"; path = "../../../../JUCE/modules/juce_core/memory/juce_Memory.h"; sourceTree = "SOURCE_ROOT"; };
		CB9EC1D66F49B463CC354052 = {isa = PBXFileReference; lastKnownFileType = sourcecode.cpp.cpp; name = "juce_AbstractFifo.cpp"; path = "../../../../JUCE/modules/juce_core/containers/juce_AbstractFifo.cpp"; sourceTree = "SOURCE_ROOT"; };
		CC5954B2AC2DD832D972149C = {isa = PBXFileReference; lastKnownFileType = sourcecode.cpp.cpp; name = "juce_MessageListener.cpp"; path = "../../../../JUCE/modules/juce_events/messages/juce_MessageListener.cpp"; sourceTree = "SOURCE_ROOT"; };
		CCC3F9E464ACC3A3E85A91BE = {isa = PBXFileReference; lastKnownFileType = sourcecode.cpp.cpp; name = "field_manager_tests.cpp"; path = "../../Source/field_manager_tests.cpp"; sourceTree = "SOURCE_ROOT"; };
		CD3BAA2251C2051F8084F210 = {isa = PBXFileReference; lastKnownFileType = sourcecode.c.h; name = "juce_UnitTest.h"; path = "../../../../JUCE/modules/juce_core/unit_tests/juce_UnitTest.h"; sourceTree = "SOURCE_ROOT"; };
		CD88EF0B0BC811D777E48446 = {isa = PBXFileReference; lastKnownFileType = sourcecode.c.h; name = "juce_SortedSet.h"; path = "../../../../JUCE/modules/juce_core/containers/juce_SortedSet.h"; sourceTree = "SOURCE_ROOT"; };
		CED1D980BD042BFDDDEE87CB = {isa = PBXFileReference; lastKnownFileType = sourcecode.cpp.cpp; name = "juce_Time.cpp"; path = "../../../../JUCE/modules/juce_core/time/juce_Time.cpp"; sourceTree = "SOURCE_ROOT"; };
		CEE3628D0CEB48EAF1D1CB99 = {isa = PBXFileReference; lastKnownFileType = sourcecode.c.h; name = "juce_MemoryOutputStream.h"; path = "../../../../JUCE/modules/juce_core/streams/juce_MemoryOutputStream.h"; sourceTree = "SOURCE_ROOT"; };
		CF6AF34262A68BD30C4CA4F2 = {isa = PBXFileReference; lastKnownFileType = sourcecode.c.h; name = "juce_HashMap.h"; path = "../../../../JUCE/modules/juce_core/containers/juce_HashMap.h"; sourceTree = "SOURCE_ROOT"; };
		D04BA4CA84B626E8F3DDF89B = {isa = PBXFileReference; lastKnownFileType = sourcecode.cpp.cpp; name = "juce_Expression.cpp"; path = "../../../../JUCE/modules/juce_core/maths/juce_Expression.cpp"; sourceTree = "SOURCE_ROOT"; };
		D1B9168150F52DBA25E12189 = {isa = PBXFileReference; lastKnownFileType = sourcecode.c.h; name = "juce_MACAddress.h"; path = "../../../../JUCE/modules/juce_core/network/juce_MACAddress.h"; sourceTree = "SOURCE_ROOT"; };
		D40A205968A1FCD03901726D = {isa = PBXFileReference; lastKnownFileType = sourcecode.c.h; name = "juce_StringArray.h"; path = "../../../../JUCE/modules/juce_core/text/juce_StringArray.h"; sourceTree = "SOURCE_ROOT"; };
		D4DFAB61F2E21941B096C7FA = {isa = PBXFileReference; lastKnownFileType = sourcecode.c.h; name = "juce_SystemStats.h"; path = "../../../../JUCE/modules/juce_core/system/juce_SystemStats.h"; sourceTree = "SOURCE_ROOT"; };
		D4E9DEF35EC90CA3771FAC19 = {isa = PBXFileReference; lastKnownFileType = sourcecode.c.h; name = "juce_FileOutputStream.h"; path = "../../../../JUCE/modules/juce_core/files/juce_FileOutputStream.h"; sourceTree = "SOURCE_ROOT"; };
		D4FAB9662E039198075E4F7B = {isa = PBXFileReference; lastKnownFileType = sourcecode.cpp.cpp; name = "juce_MemoryBlock.cpp"; path = "../../../../JUCE/modules/juce_core/memory/juce_MemoryBlock.cpp"; sourceTree = "SOURCE_ROOT"; };
		D671AF8AF45A7D27B158990B = {isa = PBXFileReference; lastKnownFileType = sourcecode.c.h; name = "juce_XmlElement.h"; path = "../../../../JUCE/modules/juce_core/xml/juce_XmlElement.h"; sourceTree = "SOURCE_ROOT"; };
		D69A8935CD90AA3249D79604 = {isa = PBXFileReference; lastKnownFileType = sourcecode.cpp.cpp; name = "juce_win32_Files.cpp"; path = "../../../../JUCE/modules/juce_core/native/juce_win32_Files.cpp"; sourceTree = "SOURCE_ROOT"; };
		D6A39600348A6EB2CDD2084C = {isa = PBXFileReference; lastKnownFileType = sourcecode.cpp.objcpp; name = "juce_events.mm"; path = "../../../../JUCE/modules/juce_events/juce_events.mm"; sourceTree = "SOURCE_ROOT"; };
		DAAF1C1F96F68507B18E031D = {isa = PBXFileReference; lastKnownFileType = sourcecode.c.h; name = "juce_ChangeListener.h"; path = "../../../../JUCE/modules/juce_events/broadcasters/juce_ChangeListener.h"; sourceTree = "SOURCE_ROOT"; };
		DC408313205C55A6A87CF813 = {isa = PBXFileReference; lastKnownFileType = sourcecode.c.h; name = "juce_ActionListener.h"; path = "../../../../JUCE/modules/juce_events/broadcasters/juce_ActionListener.h"; sourceTree = "SOURCE_ROOT"; };
		DE8B4507B82D492C09FD7C7F = {isa = PBXFileReference; lastKnownFileType = sourcecode.c.h; name = "juce_NormalisableRange.h"; path = "../../../../JUCE/modules/juce_core/maths/juce_NormalisableRange.h"; sourceTree = "SOURCE_ROOT"; };
		DF3BB808472B9CEE3DA2EE3A = {isa = PBXFileReference; lastKnownFileType = sourcecode.cpp.cpp; name = "juce_FileFilter.cpp"; path = "../../../../JUCE/modules/juce_core/files/juce_FileFilter.cpp"; sourceTree = "SOURCE_ROOT"; };
		E166D6A4AA54842D720853EA = {isa = PBXFileReference; lastKnownFileType = sourcecode.cpp.cpp; name = Main.cpp; path = ../../Source/Main.cpp; sourceTree = "SOURCE_ROOT"; };
		E1E1D36F221D46FF20413623 = {isa = PBXFileReference; lastKnownFileType = sourcecode.c.h; name = "juce_OptionalScopedPointer.h"; path = "../../../../JUCE/modules/juce_core/memory/juce_OptionalScopedPointer.h"; sourceTree = "SOURCE_ROOT"; };
		E2A3430AF04582B1D8B721FF = {isa = PBXFileReference; lastKnownFileType = sourcecode.c.h; name = "juce_MountedVolumeListChangeDetector.h"; path = "../../../../JUCE/modules/juce_events/messages/juce_MountedVolumeListChangeDetector.h"; sourceTree = "SOURCE_ROOT"; };
		E4A0921444196635D72AB2A3 = {isa = PBXFileReference; lastKnownFileType = sourcecode.c.h; name = "juce_osx_ObjCHelpers.h"; path = "../../../../JUCE/modules/juce_core/native/juce_osx_ObjCHelpers.h"; sourceTree = "SOURCE_ROOT"; };
		E595418C7E5E301573C56A9C = {isa = PBXFileReference; lastKnownFileType = sourcecode.cpp.cpp; name = "juce_Random.cpp"; path = "../../../../JUCE/modules/juce_core/maths/juce_Random.cpp"; sourceTree = "SOURCE_ROOT"; };
		E76F93F73BE2CEFE2B9CA538 = {isa = PBXFileReference; explicitFileType = "compiled.mach-o.executable"; includeInIndex = 0; path = "field_manager_test"; sourceTree = "BUILT_PRODUCTS_DIR"; };
		E8A4C60A2093214E0F43EA99 = {isa = PBXFileReference; lastKnownFileType = sourcecode.c.h; name = "juce_Identifier.h"; path = "../../../../JUCE/modules/juce_core/text/juce_Identifier.h"; sourceTree = "SOURCE_ROOT"; };
		E9BD1E8B71192F289944840E = {isa = PBXFileReference; lastKnownFileType = sourcecode.c.h; name = "juce_Array.h"; path = "../../../../JUCE/modules/juce_core/containers/juce_Array.h"; sourceTree = "SOURCE_ROOT"; };
		EB2FEE3AB8CE48983AE0AE58 = {isa = PBXFileReference; lastKnownFileType = sourcecode.c.h; name = "juce_Time.h"; path = "../../../../JUCE/modules/juce_core/time/juce_Time.h"; sourceTree = "SOURCE_ROOT"; };
		EC34A474795B86F46BE63FEA = {isa = PBXFileReference; lastKnownFileType = sourcecode.c.h; name = "juce_NewLine.h"; path = "../../../../JUCE/modules/juce_core/text/juce_NewLine.h"; sourceTree = "SOURCE_ROOT"; };
		EC9304477E51DEBD57EAE9AD = {isa = PBXFileReference; lastKnownFileType = sourcecode.c.h; name = "juce_TimeSliceThread.h"; path = "../../../../JUCE/modules/juce_core/threads/juce_TimeSliceThread.h"; sourceTree = "SOURCE_ROOT"; };
		F1358546BBB273D99CF4DC05 = {isa = PBXFileReference; lastKnownFileType = sourcecode.cpp.cpp; name = "juce_ValueTreeSynchroniser.cpp"; path = "../../../../JUCE/modules/juce_data_structures/values/juce_ValueTreeSynchroniser.cpp"; sourceTree = "SOURCE_ROOT"; };
		F1D50D5A0E0221AE5D151E24 = {isa = PBXFileReference; lastKnownFileType = sourcecode.c.h; name = "juce_MultiTimer.h"; path = "../../../../JUCE/modules/juce_events/timers/juce_MultiTimer.h"; sourceTree = "SOURCE_ROOT"; };
		F1EE2AF819E409FDED076CBB = {isa = PBXFileReference; lastKnownFileType = sourcecode.c.h; name = "juce_DirectoryIterator.h"; path = "../../../../JUCE/modules/juce_core/files/juce_DirectoryIterator.h"; sourceTree = "SOURCE_ROOT"; };
		F21DF12A1E540A6FA94AA7EB = {isa = PBXFileReference; lastKnownFileType = sourcecode.cpp.cpp; name = "juce_Javascript.cpp"; path = "../../../../JUCE/modules/juce_core/javascript/juce_Javascript.cpp"; sourceTree = "SOURCE_ROOT"; };
		F23368AE6BBB2B13E6454F74 = {isa = PBXFileReference; lastKnownFileType = sourcecode.cpp.cpp; name = "juce_linux_SystemStats.cpp"; path = "../../../../JUCE/modules/juce_core/native/juce_linux_SystemStats.cpp"; sourceTree = "SOURCE_ROOT"; };
		F310426D5A6DC00344EAD173 = {isa = PBXFileReference; lastKnownFileType = sourcecode.c.h; name = "juce_UndoManager.h"; path = "../../../../JUCE/modules/juce_data_structures/undomanager/juce_UndoManager.h"; sourceTree = "SOURCE_ROOT"; };
		F35594A7F63B549901AE2224 = {isa = PBXFileReference; lastKnownFileType = sourcecode.c.h; name = "juce_FileInputStream.h"; path = "../../../../JUCE/modules/juce_core/files/juce_FileInputStream.h"; sourceTree = "SOURCE_ROOT"; };
		F370539700CB21DF8E8744D0 = {isa = PBXFileReference; lastKnownFileType = sourcecode.cpp.cpp; name = "juce_RelativeTime.cpp"; path = "../../../../JUCE/modules/juce_core/time/juce_RelativeTime.cpp"; sourceTree = "SOURCE_ROOT"; };
		F62A5CAABFDAEAD0437AB793 = {isa = PBXFileReference; lastKnownFileType = sourcecode.c.h; name = "juce_XmlDocument.h"; path = "../../../../JUCE/modules/juce_core/xml/juce_XmlDocument.h"; sourceTree = "SOURCE_ROOT"; };
		F714B1B8F5C8216C1A0C4565 = {isa = PBXFileReference; lastKnownFileType = sourcecode.c.h; name = "juce_Uuid.h"; path = "../../../../JUCE/modules/juce_core/misc/juce_Uuid.h"; sourceTree = "SOURCE_ROOT"; };
		F7FFC6833F84C2C7E488A65A = {isa = PBXFileReference; lastKnownFileType = sourcecode.c.h; name = "juce_ElementComparator.h"; path = "../../../../JUCE/modules/juce_core/containers/juce_ElementComparator.h"; sourceTree = "SOURCE_ROOT"; };
		FA3734C32E4F2AE7A64F1B8F = {isa = PBXFileReference; lastKnownFileType = sourcecode.c.h; name = "juce_ValueTree.h"; path = "../../../../JUCE/modules/juce_data_structures/values/juce_ValueTree.h"; sourceTree = "SOURCE_ROOT"; };
		FA553EDF5CA9E84D9088BCE9 = {isa = PBXFileReference; lastKnownFileType = sourcecode.cpp.cpp; name = "juce_linux_Threads.cpp"; path = "../../../../JUCE/modules/juce_core/native/juce_linux_Threads.cpp"; sourceTree = "SOURCE_ROOT"; };
		FAC757951FC3CDDE9574C3A8 = {isa = PBXFileReference; lastKnownFileType = sourcecode.c.h; name = "juce_MemoryMappedFile.h"; path = "../../../../JUCE/modules/juce_core/files/juce_MemoryMappedFile.h"; sourceTree = "SOURCE_ROOT"; };
		FC0B039C809A1A9F5CEDC2B7 = {isa = PBXFileReference; lastKnownFileType = sourcecode.c.h; name = "juce_CharPointer_UTF8.h"; path = "../../../../JUCE/modules/juce_core/text/juce_CharPointer_UTF8.h"; sourceTree = "SOURCE_ROOT"; };
		FD3EE260F207713A33E68D42 = {isa = PBXFileReference; lastKnownFileType = sourcecode.c.h; name = "juce_Atomic.h"; path = "../../../../JUCE/modules/juce_core/memory/juce_Atomic.h"; sourceTree = "SOURCE_ROOT"; };
		FDB01B5A52E75FFDB24698E7 = {isa = PBXFileReference; lastKnownFileType = sourcecode.cpp.cpp; name = "juce_android_Messaging.cpp"; path = "../../../../JUCE/modules/juce_events/native/juce_android_Messaging.cpp"; sourceTree = "SOURCE_ROOT"; };
		FEDECFE6E373F1ECAABA3646 = {isa = PBXFileReference; lastKnownFileType = sourcecode.c.h; name = "juce_DynamicObject.h"; path = "../../../../JUCE/modules/juce_core/containers/juce_DynamicObject.h"; sourceTree = "SOURCE_ROOT"; };
		FF6A1AE893C5BE094FC44F06 = {isa = PBXFileReference; lastKnownFileType = folder.assetcatalog; name = Images.xcassets; path = "field_manager_test/Images.xcassets"; sourceTree = "SOURCE_ROOT"; };
		FF77B9AEC839CFE9C333525D = {isa = PBXFileReference; lastKnownFileType = sourcecode.c.h; name = "juce_PropertySet.h"; path = "../../../../JUCE/modules/juce_core/containers/juce_PropertySet.h"; sourceTree = "SOURCE_ROOT"; };
		FFB32C0DDF396A1DF8FA815C = {isa = PBXFileReference; lastKnownFileType = sourcecode.c.h; name = "juce_AbstractFifo.h"; path = "../../../../JUCE/modules/juce_core/containers/juce_AbstractFifo.h"; sourceTree = "SOURCE_ROOT"; };
		B47764F8AF6673ADFB04F199 = {isa = PBXGroup; children = (
					206071FB16596B0C83AB9012,
					CCC3F9E464ACC3A3E85A91BE,
					9F8D14E7F1B6A7166FB094A5,
					4BA3E55D119DF61EBAF6966A,
					AF685A0BBB32D79DCA76A527,
					E166D6A4AA54842D720853EA, ); name = Source; sourceTree = "<group>"; };
		42B06CFA3EEE96113F8ACF61 = {isa = PBXGroup; children = (
					B47764F8AF6673ADFB04F199, ); name = "field_manager_test"; sourceTree = "<group>"; };
		A2AC06A75591234C298DF48A = {isa = PBXGroup; children = (
					55ABD847226E178044577E87,
					78DADCD6C166D9EA27AAE838,
					6EFD0932615E99D518E41701,
					FC0B039C809A1A9F5CEDC2B7,
					1BC90FA7CB4CC7E43E1E1BA9,
					6BFFA7B06A57AAD25ECA466C,
					BE053EA0740518D651E4698F,
					E8A4C60A2093214E0F43EA99,
					B330DC45B6FF186AE8C5F2B9,
					AE0324215FAD86B069390E32,
					EC34A474795B86F46BE63FEA,
					4A6F53D8731649732F8DD687,
					06B4F52ADCAA579F1AE88A9C,
					65832F2D5BEF0035102F7D78,
					D40A205968A1FCD03901726D,
					B017D486E6172EFDAF2DE094,
					18B2EE788BEDEF2C19716AF1,
					0D0EC3BE2FE96D3398680B65,
					74362C636E3EA3203582466B,
					622D9AE3150D0F4EE6738508,
					4FB98A4026D4BB1B3FB2F467,
					468645E440C069AD20E8A9B2, ); name = text; sourceTree = "<group>"; };
		69B0BF6D9976C37D101689D7 = {isa = PBXGroup; children = (
					407C6493786B37D2A60AD3F3,
					00CDDE14D2BD01130D6ECC9D,
					D04BA4CA84B626E8F3DDF89B,
					807A8FD04F3904DD74609F98,
					26B0026AFFEF8C2A79C7FCAC,
					DE8B4507B82D492C09FD7C7F,
					E595418C7E5E301573C56A9C,
					19AF38EF2CDCABACB8C929B5,
					68DA387A4C00E0C9E31D2586, ); name = maths; sourceTree = "<group>"; };
		48C56594C22D2C94869919F6 = {isa = PBXGroup; children = (
					FD3EE260F207713A33E68D42,
					362E01755FD541561F78D74C,
					6E3A5044C1D7D685ADC57524,
					AD63EC76CA7978C01BA26D89,
					C5A6B2247F66252D3BD38770,
					CB69CC15963F9667040D6FA3,
					D4FAB9662E039198075E4F7B,
					81339B579D4FC54BD621B6C8,
					E1E1D36F221D46FF20413623,
					5CB252A367847A096804F922,
					9B27106689E1BBD55861D692,
					850EE34A0EC48D61A23C5FBC,
					062D9603082F6E44975D858F,
					14AF74FA6DE3F12BD46AED66, ); name = memory; sourceTree = "<group>"; };
		498C4A40BF32E6E8CA4A4B25 = {isa = PBXGroup; children = (
					CB9EC1D66F49B463CC354052,
					FFB32C0DDF396A1DF8FA815C,
					E9BD1E8B71192F289944840E,
					2B0D03A36AB2B0EFF1DADC7C,
					4ECE2E01CE396A63BAC73A72,
					FEDECFE6E373F1ECAABA3646,
					F7FFC6833F84C2C7E488A65A,
					CF6AF34262A68BD30C4CA4F2,
					39CF4EF5DA93B582D57A1C36,
					47268BCA7713DBE36FDA8EDD,
					5EE827E0497055030C41C8FC,
					09AF906D4F1A707265D40694,
					423D9522C0DF2A07A8D7623C,
					FF77B9AEC839CFE9C333525D,
					7F070586DF0C15F2206E7935,
					02AA83D53C98B4A6CABF1C38,
					CD88EF0B0BC811D777E48446,
					812C6464C97B49F1C7C53237,
					0AD090917463F8150294D8EC,
					B2B7FC54C2B4997C49CF16FF, ); name = containers; sourceTree = "<group>"; };
		59A061ECE3854EF5F7D1BCEE = {isa = PBXGroup; children = (
					AE16916E65CA8C276C3938BC,
					0CE3367F39D15893FCEB765D,
					11C69F52F928C14087BC2B3A,
					A5AEF86C48EBC16839BAEF09,
					BAABCB1013A936074413E5B1,
					050D24994B662EA7D36DBC97,
					372DA89AF7B8D6545D305FF9,
					19F8C3BF74A4064D71F6EFA6,
					B8C58356FC3EDD9B2F416333,
					22AE7FB9C787234F05D5881D,
					7F136EBBD6EDC40E0759989E,
					527ADA50DD455156384D6493,
					875042F5446C71B76C6AD253,
					82FD77A3F633F262C001695E,
					345DF53667E6D83476D074A2,
					3BD62D88A40217833446A957,
					8B56D7417AB6DDC24FB83D64,
					B8ECEC7B3FE4ECC5E7FABCD0,
					019662B8BDD9CE5674E03B5B,
					1DDC224029527E6F8E0AFD12,
					EC9304477E51DEBD57EAE9AD,
					B5D7266C4886EF50BBB62845, ); name = threads; sourceTree = "<group>"; };
		9DC0303C1D234BC9F04FA437 = {isa = PBXGroup; children = (
					9D86A788796A1B08549771B7,
					B28F897F88B47DE825A0072D,
					F370539700CB21DF8E8744D0,
					472552D67B25E201BB741F0E,
					CED1D980BD042BFDDDEE87CB,
					EB2FEE3AB8CE48983AE0AE58, ); name = time; sourceTree = "<group>"; };
		3B6C87CACB044765691FE6E4 = {isa = PBXGroup; children = (
					2A0B9C26B7644413553C79AB,
					F1EE2AF819E409FDED076CBB,
					14EA7281580C4738317D3DCB,
					93F6D4B02DBD481CAD4A0086,
					DF3BB808472B9CEE3DA2EE3A,
					C487D0412D7F901171859D51,
					65E7EDBF0CF76D06E79E83B6,
					F35594A7F63B549901AE2224,
					8F1664466BE3411CF035213A,
					D4E9DEF35EC90CA3771FAC19,
					B9C0130926628431C75B1B1A,
					A2EAB15AFC8658B4AD099AB4,
					FAC757951FC3CDDE9574C3A8,
					62E669B57701806E03A0DCE7,
					C6A9D46AB5A62CD0BDD8E6F1,
					81F06D0BD5018056FEA6128A,
					83DFBDA65D6A7A03C8D83C86, ); name = files; sourceTree = "<group>"; };
		76F7210AB729F8B75952172B = {isa = PBXGroup; children = (
					289C703AD6D836D271F814A0,
					7CCE408513959DB3D50FDBD2,
					7B0954268CA9BEC559E55386,
					D1B9168150F52DBA25E12189,
					7BA750EC61CA3D04859C130A,
					14638031A9E7BFA708970238,
					8DAD61F57EB94333FECBB5A8,
					3D7C2AC5D3F62FCBAFB2826B,
					589C5C1BC586BE49F4008D27,
					337DFECB38E4B9BE0A732900, ); name = network; sourceTree = "<group>"; };
		55A7256B0E780B790773BF0C = {isa = PBXGroup; children = (
					0A29185873EC0B296C9DB831,
					6535E229F286741189E5C1C7,
					BD71BE83DB28F9A2B654CFE7,
					12C099AC71E17B4D209E175F,
					857BF26BFCB7203367291533,
					3BFFC94AE8AE72D3B4C9CFE2,
					AEB5217A863B26B6C8ECAE7D,
					5053943697CB3F150AC4071B,
					5012AF96A5A5609FE0FF75D8,
					2BB3FB255B105FD80C1E480C,
					CEE3628D0CEB48EAF1D1CB99,
					9F2BF1FDCDE309AA9913C07E,
					C9D44A0E14EB8350643ABE26,
					9CE768BA3D2773251D796655,
					201F27BA414820A06E160767, ); name = streams; sourceTree = "<group>"; };
		B92A591A6332EF10412DDC0B = {isa = PBXGroup; children = (
					0AF43CF5F5A2206035171528,
					8D86B991965B5C4F7C35F7AD,
					B208E5F6F7F9072630C21AAB,
					C74284702C2ACD5409EA925D, ); name = logging; sourceTree = "<group>"; };
		DE4A90ABA7F52126D52675A7 = {isa = PBXGroup; children = (
					0AB380FE75CE347417E40837,
					08DC5D37875E5ACEAF6A7504,
					329FD64EE77403B5F18BBFFC,
					2429534FD73468EF9EA794D6,
					D4DFAB61F2E21941B096C7FA,
					7B27D31488C9A461C57955B2, ); name = system; sourceTree = "<group>"; };
		2A93BC97683F01EE8A50012A = {isa = PBXGroup; children = (
					4C8DC4182E00D77754AF14F9,
					F62A5CAABFDAEAD0437AB793,
					9EB485CB8DB62A6FE7FDD55F,
					D671AF8AF45A7D27B158990B, ); name = xml; sourceTree = "<group>"; };
		2CBC2ED193BE51295AD999DB = {isa = PBXGroup; children = (
					F21DF12A1E540A6FA94AA7EB,
					0CF20DD1C31190B4E923C274,
					7D6E13BE4D9F141D925A461A,
					234D4A00EA9E1BC1A81446ED, ); name = javascript; sourceTree = "<group>"; };
		A125B170895D7C40B462609A = {isa = PBXGroup; children = (
					A7B19DEEA8A064E1A46964ED,
					32120D04A0081C522D623F0A,
					0138CE4A977C7B06D9D69415,
					63CE6B8C08827769805FB5E3,
					29F23111C99D8F83C9BDEE9F,
					676EFBFB5C7C16CE56E32CE3, ); name = zip; sourceTree = "<group>"; };
		44CB499288D95A48030DED99 = {isa = PBXGroup; children = (
					038CB798E16CAAD33FA8F530,
					CD3BAA2251C2051F8084F210, ); name = "unit_tests"; sourceTree = "<group>"; };
		23BFA38110619A25663B0ED6 = {isa = PBXGroup; children = (
					A69FADAF7034CAFCAFFC76BC,
					B234C369473E6167217D5A71,
					BBBB0CC403BD281795024BC6,
					F714B1B8F5C8216C1A0C4565,
					1C6B62085198586EC534F296, ); name = misc; sourceTree = "<group>"; };
		78895C3F4E87611E7FEEFE7C = {isa = PBXGroup; children = (
					2F1A34ECB203101267FA7F23,
					7CEB50BDEA50DF0AEE4E2E0D,
					B8477657CF9FE6F59AC9DB73,
					BEF32CB7EE87C92B046076A2,
					C704BD1C6135BB88D7CD3FC6,
					552C8FF0FDC79B20424ABC6A,
					47FF70E141D744DB97F2803C,
					97D784D9F7B4B6D745871FDE,
					5BFA404D695611BEDA9095FB,
					C13F66BDB5A48AE6BAC166B1,
					F23368AE6BBB2B13E6454F74,
					FA553EDF5CA9E84D9088BCE9,
					74771DF3EFD3F1DBD5F956F4,
					3B96B335EC2B58AA287E9CE0,
					B8213637AFCA03AF695A1021,
					C6831E559823448A8116A17A,
					AB864FF7132ABA85A9374BB5,
					E4A0921444196635D72AB2A3,
					903ADBEB9CC2FA5878D1502F,
					23C231BCBE369901840C329B,
					24A4CFEE84C56204FCDC9E64,
					D69A8935CD90AA3249D79604,
					0B695BEB0281B7E5E95D7D68,
					2FCEA154ED6FEBC4C9D84251,
					BB7B95E4151AEA790DB89F8B,
					283C0A31B0753F44471508E9, ); name = native; sourceTree = "<group>"; };
		0D3B1F3D810EC315196368FB = {isa = PBXGroup; children = (
					A2AC06A75591234C298DF48A,
					69B0BF6D9976C37D101689D7,
					48C56594C22D2C94869919F6,
					498C4A40BF32E6E8CA4A4B25,
					59A061ECE3854EF5F7D1BCEE,
					9DC0303C1D234BC9F04FA437,
					3B6C87CACB044765691FE6E4,
					76F7210AB729F8B75952172B,
					55A7256B0E780B790773BF0C,
					B92A591A6332EF10412DDC0B,
					DE4A90ABA7F52126D52675A7,
					2A93BC97683F01EE8A50012A,
					2CBC2ED193BE51295AD999DB,
					A125B170895D7C40B462609A,
					44CB499288D95A48030DED99,
					23BFA38110619A25663B0ED6,
					78895C3F4E87611E7FEEFE7C,
					7B0A89242BEC8DE9463FDB44,
					3C944B8DBC7C978F06B65127, ); name = "juce_core"; sourceTree = "<group>"; };
		1232C834EEF7D069246726A9 = {isa = PBXGroup; children = (
					695AD8D50C4F81EA254D51D2,
					A1FB589E918D8B0FDF5AEB81,
					95AB0017214D55C508FCDE57,
					FA3734C32E4F2AE7A64F1B8F,
					F1358546BBB273D99CF4DC05,
					762067F0A842530922A5935C, ); name = values; sourceTree = "<group>"; };
		AE05B690EFBF994B4311E4C8 = {isa = PBXGroup; children = (
					BC18948EA06C797405016A35,
					5CF597F7DAD46E035BD36C83,
					F310426D5A6DC00344EAD173, ); name = undomanager; sourceTree = "<group>"; };
		C3750B1F39DDAF95B62EC49A = {isa = PBXGroup; children = (
					767AAEB6923BA2B9FAD89FA5,
					303039A6A883720A21A3DB93,
					6624097CD7D5AF4A60718DC9,
					463ABC21703FEB5E57227D42, ); name = "app_properties"; sourceTree = "<group>"; };
		F6D447A544AEA9231452DBBF = {isa = PBXGroup; children = (
					1232C834EEF7D069246726A9,
					AE05B690EFBF994B4311E4C8,
					C3750B1F39DDAF95B62EC49A,
					9146DC73FDE0892D6C5B9240,
					7BD5F2B08FEEB8EE70B89152, ); name = "juce_data_structures"; sourceTree = "<group>"; };
		5780228D517C4DE00894A271 = {isa = PBXGroup; children = (
					9C2A279D3F7EDAF07F4CAC5B,
					CAAEC72D2CEE86DE0AE73937,
					BC765705A2EED193DB75A12C,
					3ABA1958AEA48154380122DC,
					6DDEE00CF09544DE3792CC9B,
					8F5E290C576E8D75AF062D5F,
					135BF905A108871836A04554,
					CC5954B2AC2DD832D972149C,
					6DECC3656E724A33C5C942A7,
					3B60C0B79B8C393CE9D23527,
					36F5E408420BC5B22195C664,
					E2A3430AF04582B1D8B721FF,
					B93D069A1CAB11EB88787B00, ); name = messages; sourceTree = "<group>"; };
		4C34F584C98343EA930F426B = {isa = PBXGroup; children = (
					7BAB65535DFC7E53879C5CB2,
					F1D50D5A0E0221AE5D151E24,
					43969CC56A8779C1F6831D44,
					31069E29A112829EF68FE6C8, ); name = timers; sourceTree = "<group>"; };
		E28DF1ED9A4202070B26CB18 = {isa = PBXGroup; children = (
					6C09FA83ED82F4EE79281825,
					768594734AD887EE8B8E5BFC,
					DC408313205C55A6A87CF813,
					C96CC03D12D622CACAA954D7,
					2B2514BFF28089C9F0E722AC,
					39CDB43D86F7EED88CB6DFDC,
					0003572B87BF64206B5D6A29,
					DAAF1C1F96F68507B18E031D,
					077F15A5E8C754F96D058825, ); name = broadcasters; sourceTree = "<group>"; };
		DC8885BA78646C74742F6F75 = {isa = PBXGroup; children = (
					0AB586D0BD37DF5B0BFD8A4D,
					1B01CD007AA932973E1A2581,
					34BB48D10BE67C5A7F0733BA,
					B366E3AF1573D0D32B3F14C7,
					7F5D911C28B806E9E1C5E43C,
					0C969D1A34D984C121AA7C78, ); name = interprocess; sourceTree = "<group>"; };
		C01B47F272529A0096C073B0 = {isa = PBXGroup; children = (
					FDB01B5A52E75FFDB24698E7,
					C15DA1819196DC0A1088F995,
					13B8A11629CBA50B96350790,
					1EB15CA1698E420603EFF60D,
					7B4E83E4FC28CC50C1908647,
					80D45E4456EE45B881D996BF,
					0311FD15CF8489E71EBBEA6E,
					C04F9B178E1A3760BB5D1892, ); name = native; sourceTree = "<group>"; };
		CB7CD26BD015681695B499B2 = {isa = PBXGroup; children = (
					5780228D517C4DE00894A271,
					4C34F584C98343EA930F426B,
					E28DF1ED9A4202070B26CB18,
					DC8885BA78646C74742F6F75,
					C01B47F272529A0096C073B0,
					2C49A068929E648356AC146A,
					426D5BB72F136404FF3D215A, ); name = "juce_events"; sourceTree = "<group>"; };
		2C3A58E4C49C0C7B8CD58AEB = {isa = PBXGroup; children = (
					0D3B1F3D810EC315196368FB,
					F6D447A544AEA9231452DBBF,
					CB7CD26BD015681695B499B2, ); name = "Juce Modules"; sourceTree = "<group>"; };
		5544E8DCA04573E00E4F0592 = {isa = PBXGroup; children = (
					5E7A93DC4836C118DF75A6FB,
					2B66C1ABFC494CBA6C6FA520,
					05C39FD85353E65F6DEEBFB8,
					D6A39600348A6EB2CDD2084C,
					3B97EC588E9AC2178CC464AB, ); name = "Juce Library Code"; sourceTree = "<group>"; };
		18A50AF42FC3F552DBF09982 = {isa = PBXGroup; children = (
					FF6A1AE893C5BE094FC44F06, ); name = Resources; sourceTree = "<group>"; };
		6763D5D1ABDC96CE98DC4A33 = {isa = PBXGroup; children = (
					100E0A3A304A263268205C8A, ); name = Frameworks; sourceTree = "<group>"; };
		2F2FA86DE05E3AE2360ECFA8 = {isa = PBXGroup; children = (
					E76F93F73BE2CEFE2B9CA538, ); name = Products; sourceTree = "<group>"; };
		D90D67F3E8C291514F925A6F = {isa = PBXGroup; children = (
					42B06CFA3EEE96113F8ACF61,
					2C3A58E4C49C0C7B8CD58AEB,
					5544E8DCA04573E00E4F0592,
					18A50AF42FC3F552DBF09982,
					6763D5D1ABDC96CE98DC4A33,
					2F2FA86DE05E3AE2360ECFA8, ); name = Source; sourceTree = "<group>"; };
		31E55E4A8E8EB376E147A8B7 = {isa = XCBuildConfiguration; buildSettings = {
				ASSETCATALOG_COMPILER_APPICON_NAME = AppIcon;
				ASSETCATALOG_COMPILER_LAUNCHIMAGE_NAME = LaunchImage;
				CLANG_CXX_LANGUAGE_STANDARD = "c++0x";
				CLANG_LINK_OBJC_RUNTIME = NO;
				COMBINE_HIDPI_IMAGES = YES;
				CONFIGURATION_BUILD_DIR = "$(PROJECT_DIR)/build/$(CONFIGURATION)";
				COPY_PHASE_STRIP = NO;
				GCC_DYNAMIC_NO_PIC = NO;
				GCC_OPTIMIZATION_LEVEL = 0;
				GCC_PREPROCESSOR_DEFINITIONS = (
					"_DEBUG=1",
					"DEBUG=1",
					"JUCER_XCODE_IPHONE_5BC26AE3=1",
					"JUCE_APP_VERSION=1.0.0",
					"JUCE_APP_VERSION_HEX=0x10000", );
				GCC_VERSION = com.apple.compilers.llvm.clang.1_0;
				HEADER_SEARCH_PATHS = ("../../JuceLibraryCode", "../../../../JUCE/modules", "$(inherited)");
				INFOPLIST_FILE = Info.plist;
				INSTALL_PATH = "/usr/bin"; }; name = Debug; };
		C62FAF7E9C050AA648EA450C = {isa = XCBuildConfiguration; buildSettings = {
				ASSETCATALOG_COMPILER_APPICON_NAME = AppIcon;
				ASSETCATALOG_COMPILER_LAUNCHIMAGE_NAME = LaunchImage;
				CLANG_CXX_LANGUAGE_STANDARD = "c++0x";
				CLANG_LINK_OBJC_RUNTIME = NO;
				COMBINE_HIDPI_IMAGES = YES;
				CONFIGURATION_BUILD_DIR = "$(PROJECT_DIR)/build/$(CONFIGURATION)";
				DEAD_CODE_STRIPPING = YES;
				GCC_GENERATE_DEBUGGING_SYMBOLS = NO;
				GCC_OPTIMIZATION_LEVEL = 3;
				GCC_PREPROCESSOR_DEFINITIONS = (
					"_NDEBUG=1",
					"NDEBUG=1",
					"JUCER_XCODE_IPHONE_5BC26AE3=1",
					"JUCE_APP_VERSION=1.0.0",
					"JUCE_APP_VERSION_HEX=0x10000", );
				GCC_SYMBOLS_PRIVATE_EXTERN = YES;
				GCC_VERSION = com.apple.compilers.llvm.clang.1_0;
				HEADER_SEARCH_PATHS = ("../../JuceLibraryCode", "../../../../JUCE/modules", "$(inherited)");
				INFOPLIST_FILE = Info.plist;
				INSTALL_PATH = "/usr/bin"; }; name = Release; };
		3FD610747493223AC2426BC6 = {isa = XCBuildConfiguration; buildSettings = {
				"CODE_SIGN_IDENTITY[sdk=iphoneos*]" = "iPhone Developer";
				ALWAYS_SEARCH_USER_PATHS = NO;
				DEBUG_INFORMATION_FORMAT = "dwarf";
				GCC_C_LANGUAGE_STANDARD = c99;
				GCC_INLINES_ARE_PRIVATE_EXTERN = YES;
				GCC_MODEL_TUNING = G5;
				GCC_WARN_ABOUT_RETURN_TYPE = YES;
				GCC_WARN_CHECK_SWITCH_STATEMENTS = YES;
				GCC_WARN_MISSING_PARENTHESES = YES;
				GCC_WARN_NON_VIRTUAL_DESTRUCTOR = YES;
				GCC_WARN_TYPECHECK_CALLS_TO_PRINTF = YES;
				GCC_WARN_UNUSED_VARIABLE = YES;
				ONLY_ACTIVE_ARCH = YES;
				PRODUCT_NAME = "field_manager_test";
				SDKROOT = iphoneos;
				TARGETED_DEVICE_FAMILY = "1,2";
				WARNING_CFLAGS = -Wreorder;
				ZERO_LINK = NO; }; name = Debug; };
		2862A6BE6334B59063BB084C = {isa = XCBuildConfiguration; buildSettings = {
				"CODE_SIGN_IDENTITY[sdk=iphoneos*]" = "iPhone Developer";
				ALWAYS_SEARCH_USER_PATHS = NO;
				DEBUG_INFORMATION_FORMAT = "dwarf";
				GCC_C_LANGUAGE_STANDARD = c99;
				GCC_INLINES_ARE_PRIVATE_EXTERN = YES;
				GCC_MODEL_TUNING = G5;
				GCC_WARN_ABOUT_RETURN_TYPE = YES;
				GCC_WARN_CHECK_SWITCH_STATEMENTS = YES;
				GCC_WARN_MISSING_PARENTHESES = YES;
				GCC_WARN_NON_VIRTUAL_DESTRUCTOR = YES;
				GCC_WARN_TYPECHECK_CALLS_TO_PRINTF = YES;
				GCC_WARN_UNUSED_VARIABLE = YES;
				PRODUCT_NAME = "field_manager_test";
				SDKROOT = iphoneos;
				TARGETED_DEVICE_FAMILY = "1,2";
				WARNING_CFLAGS = -Wreorder;
				ZERO_LINK = NO; }; name = Release; };
		33DD5A342BC584E18E603FAB = {isa = XCConfigurationList; buildConfigurations = (
					3FD610747493223AC2426BC6,
					2862A6BE6334B59063BB084C, ); defaultConfigurationIsVisible = 0; defaultConfigurationName = Debug; };
		09F00B32D35B14D845E39D4D = {isa = XCConfigurationList; buildConfigurations = (
					31E55E4A8E8EB376E147A8B7,
					C62FAF7E9C050AA648EA450C, ); defaultConfigurationIsVisible = 0; defaultConfigurationName = Debug; };
		383C9B60D5F180F15198F353 = {isa = PBXResourcesBuildPhase; buildActionMask = 2147483647; files = (
					E285FB2E6ADD06493FE945CD, ); runOnlyForDeploymentPostprocessing = 0; };
		CD7BF80E446BA7E884AA93D3 = {isa = PBXSourcesBuildPhase; buildActionMask = 2147483647; files = (
					BE86304A6FB1504A8B1FDCB3,
					C29FF8B7044ED179C7F6CFAC,
					6AAF10220775A839273753AC,
					7593FFE200A8CB62DE7E10BF,
					86F50654CA6295BD7E54D4E9,
					6D42ADE2AEA53B7C451B958A, ); runOnlyForDeploymentPostprocessing = 0; };
		749122B98EE268968DE11B11 = {isa = PBXFrameworksBuildPhase; buildActionMask = 2147483647; files = (
					25F3BB736F69391DF9558136, ); runOnlyForDeploymentPostprocessing = 0; };
		B4B0753FAA43C0500AC74824 = {isa = PBXNativeTarget; buildConfigurationList = 09F00B32D35B14D845E39D4D; buildPhases = (
					383C9B60D5F180F15198F353,
					CD7BF80E446BA7E884AA93D3,
					749122B98EE268968DE11B11, ); buildRules = ( ); dependencies = ( ); name = "field_manager_test"; productName = "field_manager_test"; productReference = E76F93F73BE2CEFE2B9CA538; productInstallPath = /usr/bin; productType = "com.apple.product-type.tool"; };
		8AC32801402CC86E0B6394E7 = {isa = PBXProject; buildConfigurationList = 33DD5A342BC584E18E603FAB; attributes = { LastUpgradeCheck = 0440; }; compatibilityVersion = "Xcode 3.2"; hasScannedForEncodings = 0; mainGroup = D90D67F3E8C291514F925A6F; projectDirPath = ""; projectRoot = ""; targets = ( B4B0753FAA43C0500AC74824 ); };
	};
	rootObject = 8AC32801402CC86E0B6394E7;
}
